// !$*UTF8*$!
{
	archiveVersion = 1;
	classes = {
	};
	objectVersion = 77;
	objects = {

/* Begin PBXBuildFile section */
		01D38ACAF517A7C2D707E95E /* RewardedAdController.swift in Sources */ = {isa = PBXBuildFile; fileRef = 3AD002638D80D3B245F91C05 /* RewardedAdController.swift */; };
		055C98A97C952DCC1CC69CC0 /* preview-gentle-en.m4a in Resources */ = {isa = PBXBuildFile; fileRef = EF02EAB9B27600D9E3C12FA1 /* preview-gentle-en.m4a */; };
		05874822BCC1F7733B2BEE1F /* preview-sergeant-en.m4a in Resources */ = {isa = PBXBuildFile; fileRef = BD49BAED1D38DE6ABCBCAB8E /* preview-sergeant-en.m4a */; };
		0A1000012C00000000000001 /* RainyClockApp.swift in Sources */ = {isa = PBXBuildFile; fileRef = 0A1000112C00000000000001 /* RainyClockApp.swift */; };
		0A1000022C00000000000001 /* ContentView.swift in Sources */ = {isa = PBXBuildFile; fileRef = 0A1000122C00000000000001 /* ContentView.swift */; };
		0A1000032C00000000000001 /* CommuteAlarmSettings.swift in Sources */ = {isa = PBXBuildFile; fileRef = 0A1000132C00000000000001 /* CommuteAlarmSettings.swift */; };
		0A1000042C00000000000001 /* AlarmTimeCalculator.swift in Sources */ = {isa = PBXBuildFile; fileRef = 0A1000142C00000000000001 /* AlarmTimeCalculator.swift */; };
		0A1000052C00000000000001 /* NotificationScheduling.swift in Sources */ = {isa = PBXBuildFile; fileRef = 0A1000152C00000000000001 /* NotificationScheduling.swift */; };
		0A1000062C00000000000001 /* RouteWeatherService.swift in Sources */ = {isa = PBXBuildFile; fileRef = 0A1000162C00000000000001 /* RouteWeatherService.swift */; };
		0A1000072C00000000000001 /* AlarmViewModel.swift in Sources */ = {isa = PBXBuildFile; fileRef = 0A1000172C00000000000001 /* AlarmViewModel.swift */; };
		0A1000082C00000000000001 /* Assets.xcassets in Resources */ = {isa = PBXBuildFile; fileRef = 0A1000182C00000000000001 /* Assets.xcassets */; };
		0A1000092C00000000000001 /* Localizable.strings in Resources */ = {isa = PBXBuildFile; fileRef = 0A1000402C00000000000002 /* Localizable.strings */; };
		0A10000A2C00000000000001 /* InfoPlist.strings in Resources */ = {isa = PBXBuildFile; fileRef = 0A1000412C00000000000002 /* InfoPlist.strings */; };
		0A10000B2C00000000000001 /* AlarmTimeCalculatorTests.swift in Sources */ = {isa = PBXBuildFile; fileRef = 0A1000462C00000000000002 /* AlarmTimeCalculatorTests.swift */; };
		0A10000C2C00000000000001 /* MapKitRouteWeatherService.swift in Sources */ = {isa = PBXBuildFile; fileRef = 0A1000832C00000000000002 /* MapKitRouteWeatherService.swift */; };
		0A10000D2C00000000000001 /* WeatherSamplingService.swift in Sources */ = {isa = PBXBuildFile; fileRef = 0A1000842C00000000000002 /* WeatherSamplingService.swift */; };
		0A1000102C00000000000001 /* WeatherSampleMapperTests.swift in Sources */ = {isa = PBXBuildFile; fileRef = 0A1000872C00000000000002 /* WeatherSampleMapperTests.swift */; };
		0A1000122C00000000000002 /* AlarmTone.wav in Resources */ = {isa = PBXBuildFile; fileRef = 0A1000902C00000000000002 /* AlarmTone.wav */; };
		0A1000132C00000000000002 /* AppEnvironment.swift in Sources */ = {isa = PBXBuildFile; fileRef = 0A1000922C00000000000002 /* AppEnvironment.swift */; };
		0A1000A12C00000000000003 /* PrivacyInfo.xcprivacy in Resources */ = {isa = PBXBuildFile; fileRef = 0A1000A02C00000000000003 /* PrivacyInfo.xcprivacy */; };
		0A1000A32C00000000000003 /* WeatherAttributionView.swift in Sources */ = {isa = PBXBuildFile; fileRef = 0A1000A22C00000000000003 /* WeatherAttributionView.swift */; };
		0A1000A42C00000000000003 /* RoutePreviewService.swift in Sources */ = {isa = PBXBuildFile; fileRef = 0A1000A62C00000000000003 /* RoutePreviewService.swift */; };
		0A1000A52C00000000000003 /* RoutePreviewMapView.swift in Sources */ = {isa = PBXBuildFile; fileRef = 0A1000A72C00000000000003 /* RoutePreviewMapView.swift */; };
		0A1000B12C00000000000003 /* RainyClock.wav in Resources */ = {isa = PBXBuildFile; fileRef = 0A1000B02C00000000000003 /* RainyClock.wav */; };
		0A1000B32C00000000000003 /* MorningBell.wav in Resources */ = {isa = PBXBuildFile; fileRef = 0A1000B22C00000000000003 /* MorningBell.wav */; };
		0A1000B52C00000000000003 /* SoftPiano.wav in Resources */ = {isa = PBXBuildFile; fileRef = 0A1000B42C00000000000003 /* SoftPiano.wav */; };
		0A1000D12C00000000000005 /* BrightChime.wav in Resources */ = {isa = PBXBuildFile; fileRef = 0A1000D02C00000000000005 /* BrightChime.wav */; };
		0A1000D32C00000000000005 /* GentleWaves.wav in Resources */ = {isa = PBXBuildFile; fileRef = 0A1000D22C00000000000005 /* GentleWaves.wav */; };
		0A1000D52C00000000000005 /* DigitalBeep.wav in Resources */ = {isa = PBXBuildFile; fileRef = 0A1000D42C00000000000005 /* DigitalBeep.wav */; };
		0A1000D72C00000000000005 /* ForestBirds.wav in Resources */ = {isa = PBXBuildFile; fileRef = 0A1000D62C00000000000005 /* ForestBirds.wav */; };
		0A1000D92C00000000000005 /* EnergeticPulse.wav in Resources */ = {isa = PBXBuildFile; fileRef = 0A1000D82C00000000000005 /* EnergeticPulse.wav */; };
		0A1000DB2C00000000000005 /* DeepResonance.wav in Resources */ = {isa = PBXBuildFile; fileRef = 0A1000DA2C00000000000005 /* DeepResonance.wav */; };
		0A1000DD2C00000000000005 /* MinimalTap.wav in Resources */ = {isa = PBXBuildFile; fileRef = 0A1000DC2C00000000000005 /* MinimalTap.wav */; };
		0A1000E02C00000000000006 /* WeatherKitSamplingService.swift in Sources */ = {isa = PBXBuildFile; fileRef = 0A1000E12C00000000000006 /* WeatherKitSamplingService.swift */; };
		0A1000F02C00000000000007 /* MapItemResolver.swift in Sources */ = {isa = PBXBuildFile; fileRef = 0A1000F12C00000000000007 /* MapItemResolver.swift */; };
		0A1000F12C00000000000005 /* LevelPlayBannerView.swift in Sources */ = {isa = PBXBuildFile; fileRef = 0A1000F02C00000000000005 /* LevelPlayBannerView.swift */; };
		0A1000F22C00000000000008 /* GooglePlaceResolver.swift in Sources */ = {isa = PBXBuildFile; fileRef = 0A1000F32C00000000000008 /* GooglePlaceResolver.swift */; };
		0A1000F42C00000000000005 /* UnityMediationSDK in Frameworks */ = {isa = PBXBuildFile; productRef = 0A1000F32C00000000000005 /* UnityMediationSDK */; };
		0A1000F92C00000000000005 /* AdConsentSheet.swift in Sources */ = {isa = PBXBuildFile; fileRef = 0A1000F82C00000000000005 /* AdConsentSheet.swift */; };
		0A1001002C00000000000009 /* ConsentManager.swift in Sources */ = {isa = PBXBuildFile; fileRef = 0A1001012C00000000000009 /* ConsentManager.swift */; };
		12E2CB57CF460CA5D7EC382B /* GeneratedVoiceStore.swift in Sources */ = {isa = PBXBuildFile; fileRef = 07A5A9EAEA066F80FAC943D3 /* GeneratedVoiceStore.swift */; };
		16908840039C92EF6FDD7931 /* CommuteAlarmMetadata.swift in Sources */ = {isa = PBXBuildFile; fileRef = F4BB22C84DAA14A208462B12 /* CommuteAlarmMetadata.swift */; };
		2D0102BC61B33B4F45B782AB /* AIVoiceClient.swift in Sources */ = {isa = PBXBuildFile; fileRef = E5ECAFB90DC821FA5EE54ADD /* AIVoiceClient.swift */; };
		305482FE2E7CFA780A020BD2 /* RainyClockAlarmWidgetBundle.swift in Sources */ = {isa = PBXBuildFile; fileRef = 36DE7F14501F8A8F682E4478 /* RainyClockAlarmWidgetBundle.swift */; };
		3A72E4BA911DE567BDEA8BE0 /* preview-buddy-en.m4a in Resources */ = {isa = PBXBuildFile; fileRef = 861C9010FF0EA0132823485F /* preview-buddy-en.m4a */; };
		5ED0BEB9D3318E359E99F0A2 /* preview-mom-en.m4a in Resources */ = {isa = PBXBuildFile; fileRef = 6C3FE90D63767F3FE105940E /* preview-mom-en.m4a */; };
		602074CD6CEA9C97CD29B77E /* preview-sergeant-zh.m4a in Resources */ = {isa = PBXBuildFile; fileRef = A0D3D02201171DF13F744C9A /* preview-sergeant-zh.m4a */; };
		62E6937A638A6D55A89E4F77 /* Foundation.framework in Frameworks */ = {isa = PBXBuildFile; fileRef = 38716E405CDB08148FEFEA93 /* Foundation.framework */; };
		672140296105B2FF93129911 /* AlarmKitScheduler.swift in Sources */ = {isa = PBXBuildFile; fileRef = 7D92658ADF45F0EC2AD58E50 /* AlarmKitScheduler.swift */; };
		6721402961A0B2FF93129B01 /* BackgroundWeatherRefresh.swift in Sources */ = {isa = PBXBuildFile; fileRef = 7D92658ADFA0F0EC2AD58B01 /* BackgroundWeatherRefresh.swift */; };
		752692FA157404C5E3CAEFFF /* preview-bright-en.m4a in Resources */ = {isa = PBXBuildFile; fileRef = 342D9A76F5EC5AD990F7CD84 /* preview-bright-en.m4a */; };
		754AECAC7E45A94AF3DEA98E /* CommuteAlarmMetadata.swift in Sources */ = {isa = PBXBuildFile; fileRef = F4BB22C84DAA14A208462B12 /* CommuteAlarmMetadata.swift */; };
		78C9359541A1A63A25859ED4 /* preview-steady-en.m4a in Resources */ = {isa = PBXBuildFile; fileRef = 8609FAE441DF3D157DF646BD /* preview-steady-en.m4a */; };
		91824AA8244757AED10F11B2 /* AIVoiceQuota.swift in Sources */ = {isa = PBXBuildFile; fileRef = 6BA273EA8BCD1B0999200C60 /* AIVoiceQuota.swift */; };
		0A1000AD2C0000000000AD04 /* KeychainCounters.swift in Sources */ = {isa = PBXBuildFile; fileRef = 0A1000AD2C0000000000AD03 /* KeychainCounters.swift */; };
		0A1000AD2C0000000000AD08 /* EveningPreview.swift in Sources */ = {isa = PBXBuildFile; fileRef = 0A1000AD2C0000000000AD07 /* EveningPreview.swift */; };
		0A1000AD2C0000000000AD0A /* EveningPreviewPlannerTests.swift in Sources */ = {isa = PBXBuildFile; fileRef = 0A1000AD2C0000000000AD09 /* EveningPreviewPlannerTests.swift */; };
		9ED317318119EF731F40E4FC /* RainyClockAlarmWidget.appex in Embed Foundation Extensions */ = {isa = PBXBuildFile; fileRef = 4F27BC082A98163C47E456A4 /* RainyClockAlarmWidget.appex */; settings = {ATTRIBUTES = (RemoveHeadersOnCopy, ); }; };
		A0338E5E582A4E84E222D889 /* preview-bright-zh.m4a in Resources */ = {isa = PBXBuildFile; fileRef = 6DF2544063B4E1202AA50CBA /* preview-bright-zh.m4a */; };
		AA98B6CDAFC126C83261B927 /* VoicePersona.swift in Sources */ = {isa = PBXBuildFile; fileRef = 262973271663C0D9E9899FDF /* VoicePersona.swift */; };
		B2EF991B654BB0E7A03A90AC /* preview-gentle-zh.m4a in Resources */ = {isa = PBXBuildFile; fileRef = 39DEDC191EA3E78F71B4D8A1 /* preview-gentle-zh.m4a */; };
		CC01D225E6E91D1422F2F457 /* GeneratedVoiceAssembler.swift in Sources */ = {isa = PBXBuildFile; fileRef = D0E42F1A82A2DC0F58286FF0 /* GeneratedVoiceAssembler.swift */; };
		CD94782468365102E82370FC /* CommuteAlarmLiveActivity.swift in Sources */ = {isa = PBXBuildFile; fileRef = 1C36A72344C85323EDB4B2B8 /* CommuteAlarmLiveActivity.swift */; };
		CF5CAA8FE6A0EB863437C561 /* AIVoiceSheet.swift in Sources */ = {isa = PBXBuildFile; fileRef = 57381698D3814E4FBA98C10A /* AIVoiceSheet.swift */; };
		CFC9F616B873328E7A2F0342 /* preview-steady-zh.m4a in Resources */ = {isa = PBXBuildFile; fileRef = DDC50EA36C988E419DE6D554 /* preview-steady-zh.m4a */; };
		D901596ADED0CA3EC1B23B61 /* AdReport.swift in Sources */ = {isa = PBXBuildFile; fileRef = C21DFB581C278C05ABFA0647 /* AdReport.swift */; };
		D9AFFD3EDD2005FE2CE06FEC /* AlarmSchedulingSettingsTests.swift in Sources */ = {isa = PBXBuildFile; fileRef = FDA82D02716704A4024FBA29 /* AlarmSchedulingSettingsTests.swift */; };
		0A1000AD2C0000000000AD02 /* AdReportTests.swift in Sources */ = {isa = PBXBuildFile; fileRef = 0A1000AD2C0000000000AD01 /* AdReportTests.swift */; };
		0A1000AD2C0000000000AD06 /* AIVoiceQuotaTests.swift in Sources */ = {isa = PBXBuildFile; fileRef = 0A1000AD2C0000000000AD05 /* AIVoiceQuotaTests.swift */; };
		DF082B611B71792BF1D6336D /* preview-buddy-zh.m4a in Resources */ = {isa = PBXBuildFile; fileRef = 91F9D85B61E9E6AF09BBB425 /* preview-buddy-zh.m4a */; };
		E02AA2444353D39C4B42A1E9 /* GeneratedVoiceAssemblerTests.swift in Sources */ = {isa = PBXBuildFile; fileRef = 9606BA5A5CBAB2AB6039C090 /* GeneratedVoiceAssemblerTests.swift */; };
		F78A594DA66B7682BD358744 /* preview-mom-zh.m4a in Resources */ = {isa = PBXBuildFile; fileRef = BEF28F46540B76D9879B6DA7 /* preview-mom-zh.m4a */; };
		F7F9A507A2726D0344BDA3B7 /* AlarmViewModelSchedulingTests.swift in Sources */ = {isa = PBXBuildFile; fileRef = 39C8C3492E7E1E5211E865AC /* AlarmViewModelSchedulingTests.swift */; };
/* End PBXBuildFile section */

/* Begin PBXContainerItemProxy section */
		0A10004E2C00000000000002 /* PBXContainerItemProxy */ = {
			isa = PBXContainerItemProxy;
			containerPortal = 0A1000602C00000000000001 /* Project object */;
			proxyType = 1;
			remoteGlobalIDString = 0A1000402C00000000000001;
			remoteInfo = RainyClock;
		};
		98C80D1D0CB49E9785C237DD /* PBXContainerItemProxy */ = {
			isa = PBXContainerItemProxy;
			containerPortal = 0A1000602C00000000000001 /* Project object */;
			proxyType = 1;
			remoteGlobalIDString = 9ADD771964D05F1586DCF167;
			remoteInfo = RainyClockAlarmWidget;
		};
/* End PBXContainerItemProxy section */

/* Begin PBXCopyFilesBuildPhase section */
		5F08CB49C4DF3F9005E3B415 /* Embed Foundation Extensions */ = {
			isa = PBXCopyFilesBuildPhase;
			buildActionMask = 2147483647;
			dstPath = "";
			dstSubfolderSpec = 13;
			files = (
				9ED317318119EF731F40E4FC /* RainyClockAlarmWidget.appex in Embed Foundation Extensions */,
			);
			name = "Embed Foundation Extensions";
			runOnlyForDeploymentPostprocessing = 0;
		};
/* End PBXCopyFilesBuildPhase section */

/* Begin PBXFileReference section */
		07A5A9EAEA066F80FAC943D3 /* GeneratedVoiceStore.swift */ = {isa = PBXFileReference; includeInIndex = 1; lastKnownFileType = sourcecode.swift; path = GeneratedVoiceStore.swift; sourceTree = "<group>"; };
		0A1000112C00000000000001 /* RainyClockApp.swift */ = {isa = PBXFileReference; lastKnownFileType = sourcecode.swift; path = RainyClockApp.swift; sourceTree = "<group>"; };
		0A1000122C00000000000001 /* ContentView.swift */ = {isa = PBXFileReference; lastKnownFileType = sourcecode.swift; path = ContentView.swift; sourceTree = "<group>"; };
		0A1000132C00000000000001 /* CommuteAlarmSettings.swift */ = {isa = PBXFileReference; lastKnownFileType = sourcecode.swift; path = CommuteAlarmSettings.swift; sourceTree = "<group>"; };
		0A1000142C00000000000001 /* AlarmTimeCalculator.swift */ = {isa = PBXFileReference; lastKnownFileType = sourcecode.swift; path = AlarmTimeCalculator.swift; sourceTree = "<group>"; };
		0A1000152C00000000000001 /* NotificationScheduling.swift */ = {isa = PBXFileReference; lastKnownFileType = sourcecode.swift; path = NotificationScheduling.swift; sourceTree = "<group>"; };
		0A1000162C00000000000001 /* RouteWeatherService.swift */ = {isa = PBXFileReference; lastKnownFileType = sourcecode.swift; path = RouteWeatherService.swift; sourceTree = "<group>"; };
		0A1000172C00000000000001 /* AlarmViewModel.swift */ = {isa = PBXFileReference; lastKnownFileType = sourcecode.swift; path = AlarmViewModel.swift; sourceTree = "<group>"; };
		0A1000182C00000000000001 /* Assets.xcassets */ = {isa = PBXFileReference; lastKnownFileType = folder.assetcatalog; path = Assets.xcassets; sourceTree = "<group>"; };
		0A1000192C00000000000001 /* RainyClock.app */ = {isa = PBXFileReference; explicitFileType = wrapper.application; includeInIndex = 0; path = RainyClock.app; sourceTree = BUILT_PRODUCTS_DIR; };
		0A1000422C00000000000002 /* en */ = {isa = PBXFileReference; lastKnownFileType = text.plist.strings; name = en; path = en.lproj/Localizable.strings; sourceTree = "<group>"; };
		0A1000432C00000000000002 /* zh-Hant */ = {isa = PBXFileReference; lastKnownFileType = text.plist.strings; name = "zh-Hant"; path = "zh-Hant.lproj/Localizable.strings"; sourceTree = "<group>"; };
		0A1000442C00000000000002 /* en */ = {isa = PBXFileReference; lastKnownFileType = text.plist.strings; name = en; path = en.lproj/InfoPlist.strings; sourceTree = "<group>"; };
		0A1000452C00000000000002 /* zh-Hant */ = {isa = PBXFileReference; lastKnownFileType = text.plist.strings; name = "zh-Hant"; path = "zh-Hant.lproj/InfoPlist.strings"; sourceTree = "<group>"; };
		0A1000462C00000000000002 /* AlarmTimeCalculatorTests.swift */ = {isa = PBXFileReference; lastKnownFileType = sourcecode.swift; path = AlarmTimeCalculatorTests.swift; sourceTree = "<group>"; };
		0A1000472C00000000000002 /* RainyClockTests.xctest */ = {isa = PBXFileReference; explicitFileType = wrapper.cfbundle; includeInIndex = 0; path = RainyClockTests.xctest; sourceTree = BUILT_PRODUCTS_DIR; };
		0A1000832C00000000000002 /* MapKitRouteWeatherService.swift */ = {isa = PBXFileReference; lastKnownFileType = sourcecode.swift; path = MapKitRouteWeatherService.swift; sourceTree = "<group>"; };
		0A1000842C00000000000002 /* WeatherSamplingService.swift */ = {isa = PBXFileReference; lastKnownFileType = sourcecode.swift; path = WeatherSamplingService.swift; sourceTree = "<group>"; };
		0A1000872C00000000000002 /* WeatherSampleMapperTests.swift */ = {isa = PBXFileReference; lastKnownFileType = sourcecode.swift; path = WeatherSampleMapperTests.swift; sourceTree = "<group>"; };
		0A1000902C00000000000002 /* AlarmTone.wav */ = {isa = PBXFileReference; lastKnownFileType = audio.wav; path = AlarmTone.wav; sourceTree = "<group>"; };
		0A1000922C00000000000002 /* AppEnvironment.swift */ = {isa = PBXFileReference; lastKnownFileType = sourcecode.swift; path = AppEnvironment.swift; sourceTree = "<group>"; };
		0A1000A02C00000000000003 /* PrivacyInfo.xcprivacy */ = {isa = PBXFileReference; lastKnownFileType = text.xml; path = PrivacyInfo.xcprivacy; sourceTree = "<group>"; };
		0A1000A22C00000000000003 /* WeatherAttributionView.swift */ = {isa = PBXFileReference; lastKnownFileType = sourcecode.swift; path = WeatherAttributionView.swift; sourceTree = "<group>"; };
		0A1000A62C00000000000003 /* RoutePreviewService.swift */ = {isa = PBXFileReference; lastKnownFileType = sourcecode.swift; path = RoutePreviewService.swift; sourceTree = "<group>"; };
		0A1000A72C00000000000003 /* RoutePreviewMapView.swift */ = {isa = PBXFileReference; lastKnownFileType = sourcecode.swift; path = RoutePreviewMapView.swift; sourceTree = "<group>"; };
		0A1000B02C00000000000003 /* RainyClock.wav */ = {isa = PBXFileReference; lastKnownFileType = audio.wav; path = RainyClock.wav; sourceTree = "<group>"; };
		0A1000B22C00000000000003 /* MorningBell.wav */ = {isa = PBXFileReference; lastKnownFileType = audio.wav; path = MorningBell.wav; sourceTree = "<group>"; };
		0A1000B42C00000000000003 /* SoftPiano.wav */ = {isa = PBXFileReference; lastKnownFileType = audio.wav; path = SoftPiano.wav; sourceTree = "<group>"; };
		0A1000D02C00000000000005 /* BrightChime.wav */ = {isa = PBXFileReference; lastKnownFileType = audio.wav; path = BrightChime.wav; sourceTree = "<group>"; };
		0A1000D22C00000000000005 /* GentleWaves.wav */ = {isa = PBXFileReference; lastKnownFileType = audio.wav; path = GentleWaves.wav; sourceTree = "<group>"; };
		0A1000D42C00000000000005 /* DigitalBeep.wav */ = {isa = PBXFileReference; lastKnownFileType = audio.wav; path = DigitalBeep.wav; sourceTree = "<group>"; };
		0A1000D62C00000000000005 /* ForestBirds.wav */ = {isa = PBXFileReference; lastKnownFileType = audio.wav; path = ForestBirds.wav; sourceTree = "<group>"; };
		0A1000D82C00000000000005 /* EnergeticPulse.wav */ = {isa = PBXFileReference; lastKnownFileType = audio.wav; path = EnergeticPulse.wav; sourceTree = "<group>"; };
		0A1000DA2C00000000000005 /* DeepResonance.wav */ = {isa = PBXFileReference; lastKnownFileType = audio.wav; path = DeepResonance.wav; sourceTree = "<group>"; };
		0A1000DC2C00000000000005 /* MinimalTap.wav */ = {isa = PBXFileReference; lastKnownFileType = audio.wav; path = MinimalTap.wav; sourceTree = "<group>"; };
		0A1000E12C00000000000006 /* WeatherKitSamplingService.swift */ = {isa = PBXFileReference; lastKnownFileType = sourcecode.swift; path = WeatherKitSamplingService.swift; sourceTree = "<group>"; };
		0A1000F02C00000000000005 /* LevelPlayBannerView.swift */ = {isa = PBXFileReference; lastKnownFileType = sourcecode.swift; path = LevelPlayBannerView.swift; sourceTree = "<group>"; };
		0A1000F12C00000000000007 /* MapItemResolver.swift */ = {isa = PBXFileReference; lastKnownFileType = sourcecode.swift; path = MapItemResolver.swift; sourceTree = "<group>"; };
		0A1000F32C00000000000008 /* GooglePlaceResolver.swift */ = {isa = PBXFileReference; lastKnownFileType = sourcecode.swift; path = GooglePlaceResolver.swift; sourceTree = "<group>"; };
		0A1000F82C00000000000005 /* AdConsentSheet.swift */ = {isa = PBXFileReference; lastKnownFileType = sourcecode.swift; path = AdConsentSheet.swift; sourceTree = "<group>"; };
		0A1001012C00000000000009 /* ConsentManager.swift */ = {isa = PBXFileReference; lastKnownFileType = sourcecode.swift; path = ConsentManager.swift; sourceTree = "<group>"; };
		1C36A72344C85323EDB4B2B8 /* CommuteAlarmLiveActivity.swift */ = {isa = PBXFileReference; includeInIndex = 1; lastKnownFileType = sourcecode.swift; path = CommuteAlarmLiveActivity.swift; sourceTree = "<group>"; };
		262973271663C0D9E9899FDF /* VoicePersona.swift */ = {isa = PBXFileReference; includeInIndex = 1; lastKnownFileType = sourcecode.swift; path = VoicePersona.swift; sourceTree = "<group>"; };
		342D9A76F5EC5AD990F7CD84 /* preview-bright-en.m4a */ = {isa = PBXFileReference; includeInIndex = 1; path = "preview-bright-en.m4a"; sourceTree = "<group>"; };
		36DE7F14501F8A8F682E4478 /* RainyClockAlarmWidgetBundle.swift */ = {isa = PBXFileReference; includeInIndex = 1; lastKnownFileType = sourcecode.swift; path = RainyClockAlarmWidgetBundle.swift; sourceTree = "<group>"; };
		38716E405CDB08148FEFEA93 /* Foundation.framework */ = {isa = PBXFileReference; lastKnownFileType = wrapper.framework; name = Foundation.framework; path = Platforms/iPhoneOS.platform/Developer/SDKs/iPhoneOS26.0.sdk/System/Library/Frameworks/Foundation.framework; sourceTree = DEVELOPER_DIR; };
		39C8C3492E7E1E5211E865AC /* AlarmViewModelSchedulingTests.swift */ = {isa = PBXFileReference; includeInIndex = 1; lastKnownFileType = sourcecode.swift; path = AlarmViewModelSchedulingTests.swift; sourceTree = "<group>"; };
		39DEDC191EA3E78F71B4D8A1 /* preview-gentle-zh.m4a */ = {isa = PBXFileReference; includeInIndex = 1; path = "preview-gentle-zh.m4a"; sourceTree = "<group>"; };
		3AD002638D80D3B245F91C05 /* RewardedAdController.swift */ = {isa = PBXFileReference; includeInIndex = 1; lastKnownFileType = sourcecode.swift; path = RewardedAdController.swift; sourceTree = "<group>"; };
		4133FF63012A434AB5C610F5 /* Info.plist */ = {isa = PBXFileReference; includeInIndex = 1; lastKnownFileType = text.plist.xml; path = Info.plist; sourceTree = "<group>"; };
		4F27BC082A98163C47E456A4 /* RainyClockAlarmWidget.appex */ = {isa = PBXFileReference; explicitFileType = "wrapper.app-extension"; includeInIndex = 0; path = RainyClockAlarmWidget.appex; sourceTree = BUILT_PRODUCTS_DIR; };
		57381698D3814E4FBA98C10A /* AIVoiceSheet.swift */ = {isa = PBXFileReference; includeInIndex = 1; lastKnownFileType = sourcecode.swift; path = AIVoiceSheet.swift; sourceTree = "<group>"; };
		6BA273EA8BCD1B0999200C60 /* AIVoiceQuota.swift */ = {isa = PBXFileReference; includeInIndex = 1; lastKnownFileType = sourcecode.swift; path = AIVoiceQuota.swift; sourceTree = "<group>"; };
		0A1000AD2C0000000000AD03 /* KeychainCounters.swift */ = {isa = PBXFileReference; includeInIndex = 1; lastKnownFileType = sourcecode.swift; path = KeychainCounters.swift; sourceTree = "<group>"; };
		0A1000AD2C0000000000AD07 /* EveningPreview.swift */ = {isa = PBXFileReference; includeInIndex = 1; lastKnownFileType = sourcecode.swift; path = EveningPreview.swift; sourceTree = "<group>"; };
		0A1000AD2C0000000000AD09 /* EveningPreviewPlannerTests.swift */ = {isa = PBXFileReference; includeInIndex = 1; lastKnownFileType = sourcecode.swift; path = EveningPreviewPlannerTests.swift; sourceTree = "<group>"; };
		6C3FE90D63767F3FE105940E /* preview-mom-en.m4a */ = {isa = PBXFileReference; includeInIndex = 1; path = "preview-mom-en.m4a"; sourceTree = "<group>"; };
		6DF2544063B4E1202AA50CBA /* preview-bright-zh.m4a */ = {isa = PBXFileReference; includeInIndex = 1; path = "preview-bright-zh.m4a"; sourceTree = "<group>"; };
		7D92658ADF45F0EC2AD58E50 /* AlarmKitScheduler.swift */ = {isa = PBXFileReference; includeInIndex = 1; lastKnownFileType = sourcecode.swift; path = AlarmKitScheduler.swift; sourceTree = "<group>"; };
		7D92658ADFA0F0EC2AD58B01 /* BackgroundWeatherRefresh.swift */ = {isa = PBXFileReference; includeInIndex = 1; lastKnownFileType = sourcecode.swift; path = BackgroundWeatherRefresh.swift; sourceTree = "<group>"; };
		8609FAE441DF3D157DF646BD /* preview-steady-en.m4a */ = {isa = PBXFileReference; includeInIndex = 1; path = "preview-steady-en.m4a"; sourceTree = "<group>"; };
		861C9010FF0EA0132823485F /* preview-buddy-en.m4a */ = {isa = PBXFileReference; includeInIndex = 1; path = "preview-buddy-en.m4a"; sourceTree = "<group>"; };
		91F9D85B61E9E6AF09BBB425 /* preview-buddy-zh.m4a */ = {isa = PBXFileReference; includeInIndex = 1; path = "preview-buddy-zh.m4a"; sourceTree = "<group>"; };
		9606BA5A5CBAB2AB6039C090 /* GeneratedVoiceAssemblerTests.swift */ = {isa = PBXFileReference; includeInIndex = 1; lastKnownFileType = sourcecode.swift; path = GeneratedVoiceAssemblerTests.swift; sourceTree = "<group>"; };
		A0D3D02201171DF13F744C9A /* preview-sergeant-zh.m4a */ = {isa = PBXFileReference; includeInIndex = 1; path = "preview-sergeant-zh.m4a"; sourceTree = "<group>"; };
		BD49BAED1D38DE6ABCBCAB8E /* preview-sergeant-en.m4a */ = {isa = PBXFileReference; includeInIndex = 1; path = "preview-sergeant-en.m4a"; sourceTree = "<group>"; };
		BEF28F46540B76D9879B6DA7 /* preview-mom-zh.m4a */ = {isa = PBXFileReference; includeInIndex = 1; path = "preview-mom-zh.m4a"; sourceTree = "<group>"; };
		C21DFB581C278C05ABFA0647 /* AdReport.swift */ = {isa = PBXFileReference; includeInIndex = 1; lastKnownFileType = sourcecode.swift; path = AdReport.swift; sourceTree = "<group>"; };
		D0E42F1A82A2DC0F58286FF0 /* GeneratedVoiceAssembler.swift */ = {isa = PBXFileReference; includeInIndex = 1; lastKnownFileType = sourcecode.swift; path = GeneratedVoiceAssembler.swift; sourceTree = "<group>"; };
		DDC50EA36C988E419DE6D554 /* preview-steady-zh.m4a */ = {isa = PBXFileReference; includeInIndex = 1; path = "preview-steady-zh.m4a"; sourceTree = "<group>"; };
		E5ECAFB90DC821FA5EE54ADD /* AIVoiceClient.swift */ = {isa = PBXFileReference; includeInIndex = 1; lastKnownFileType = sourcecode.swift; path = AIVoiceClient.swift; sourceTree = "<group>"; };
		EF02EAB9B27600D9E3C12FA1 /* preview-gentle-en.m4a */ = {isa = PBXFileReference; includeInIndex = 1; path = "preview-gentle-en.m4a"; sourceTree = "<group>"; };
		F4BB22C84DAA14A208462B12 /* CommuteAlarmMetadata.swift */ = {isa = PBXFileReference; includeInIndex = 1; lastKnownFileType = sourcecode.swift; path = CommuteAlarmMetadata.swift; sourceTree = "<group>"; };
		FDA82D02716704A4024FBA29 /* AlarmSchedulingSettingsTests.swift */ = {isa = PBXFileReference; includeInIndex = 1; lastKnownFileType = sourcecode.swift; path = AlarmSchedulingSettingsTests.swift; sourceTree = "<group>"; };
		0A1000AD2C0000000000AD01 /* AdReportTests.swift */ = {isa = PBXFileReference; includeInIndex = 1; lastKnownFileType = sourcecode.swift; path = AdReportTests.swift; sourceTree = "<group>"; };
		0A1000AD2C0000000000AD05 /* AIVoiceQuotaTests.swift */ = {isa = PBXFileReference; includeInIndex = 1; lastKnownFileType = sourcecode.swift; path = AIVoiceQuotaTests.swift; sourceTree = "<group>"; };
/* End PBXFileReference section */

/* Begin PBXFrameworksBuildPhase section */
		0A1000202C00000000000001 /* Frameworks */ = {
			isa = PBXFrameworksBuildPhase;
			buildActionMask = 2147483647;
			files = (
				0A1000F42C00000000000005 /* UnityMediationSDK in Frameworks */,
			);
			runOnlyForDeploymentPostprocessing = 0;
		};
		0A10004B2C00000000000002 /* Frameworks */ = {
			isa = PBXFrameworksBuildPhase;
			buildActionMask = 2147483647;
			files = (
			);
			runOnlyForDeploymentPostprocessing = 0;
		};
		6199DD1A5968EF234E0E4B81 /* Frameworks */ = {
			isa = PBXFrameworksBuildPhase;
			buildActionMask = 2147483647;
			files = (
				62E6937A638A6D55A89E4F77 /* Foundation.framework in Frameworks */,
			);
			runOnlyForDeploymentPostprocessing = 0;
		};
/* End PBXFrameworksBuildPhase section */

/* Begin PBXGroup section */
		0A1000302C00000000000001 = {
			isa = PBXGroup;
			children = (
				0A1000312C00000000000001 /* RainyClock */,
				0A1000482C00000000000002 /* RainyClockTests */,
				0A1000322C00000000000001 /* Products */,
				79EF084AD975C5D57A359236 /* Frameworks */,
				A8078FEEC36018A4DF86603D /* RainyClockAlarmWidget */,
			);
			sourceTree = "<group>";
		};
		0A1000312C00000000000001 /* RainyClock */ = {
			isa = PBXGroup;
			children = (
				0A1000112C00000000000001 /* RainyClockApp.swift */,
				0A1000922C00000000000002 /* AppEnvironment.swift */,
				0A1000122C00000000000001 /* ContentView.swift */,
				0A1000F02C00000000000005 /* LevelPlayBannerView.swift */,
				0A1000F82C00000000000005 /* AdConsentSheet.swift */,
				0A1000A02C00000000000003 /* PrivacyInfo.xcprivacy */,
				0A1000A72C00000000000003 /* RoutePreviewMapView.swift */,
				0A1000A22C00000000000003 /* WeatherAttributionView.swift */,
				0A1000332C00000000000001 /* Models */,
				0A1000342C00000000000001 /* Services */,
				0A1000352C00000000000001 /* ViewModels */,
				0A1000182C00000000000001 /* Assets.xcassets */,
				0A1000902C00000000000002 /* AlarmTone.wav */,
				0A1000B02C00000000000003 /* RainyClock.wav */,
				0A1000B22C00000000000003 /* MorningBell.wav */,
				0A1000B42C00000000000003 /* SoftPiano.wav */,
				0A1000D02C00000000000005 /* BrightChime.wav */,
				0A1000D22C00000000000005 /* GentleWaves.wav */,
				0A1000D42C00000000000005 /* DigitalBeep.wav */,
				0A1000D62C00000000000005 /* ForestBirds.wav */,
				0A1000D82C00000000000005 /* EnergeticPulse.wav */,
				0A1000DA2C00000000000005 /* DeepResonance.wav */,
				0A1000DC2C00000000000005 /* MinimalTap.wav */,
				0A1000402C00000000000002 /* Localizable.strings */,
				0A1000412C00000000000002 /* InfoPlist.strings */,
				57381698D3814E4FBA98C10A /* AIVoiceSheet.swift */,
				342D9A76F5EC5AD990F7CD84 /* preview-bright-en.m4a */,
				6DF2544063B4E1202AA50CBA /* preview-bright-zh.m4a */,
				861C9010FF0EA0132823485F /* preview-buddy-en.m4a */,
				91F9D85B61E9E6AF09BBB425 /* preview-buddy-zh.m4a */,
				EF02EAB9B27600D9E3C12FA1 /* preview-gentle-en.m4a */,
				39DEDC191EA3E78F71B4D8A1 /* preview-gentle-zh.m4a */,
				6C3FE90D63767F3FE105940E /* preview-mom-en.m4a */,
				BEF28F46540B76D9879B6DA7 /* preview-mom-zh.m4a */,
				BD49BAED1D38DE6ABCBCAB8E /* preview-sergeant-en.m4a */,
				A0D3D02201171DF13F744C9A /* preview-sergeant-zh.m4a */,
				8609FAE441DF3D157DF646BD /* preview-steady-en.m4a */,
				DDC50EA36C988E419DE6D554 /* preview-steady-zh.m4a */,
			);
			path = RainyClock;
			sourceTree = "<group>";
		};
		0A1000322C00000000000001 /* Products */ = {
			isa = PBXGroup;
			children = (
				0A1000192C00000000000001 /* RainyClock.app */,
				0A1000472C00000000000002 /* RainyClockTests.xctest */,
				4F27BC082A98163C47E456A4 /* RainyClockAlarmWidget.appex */,
			);
			name = Products;
			sourceTree = "<group>";
		};
		0A1000332C00000000000001 /* Models */ = {
			isa = PBXGroup;
			children = (
				0A1000132C00000000000001 /* CommuteAlarmSettings.swift */,
				F4BB22C84DAA14A208462B12 /* CommuteAlarmMetadata.swift */,
				262973271663C0D9E9899FDF /* VoicePersona.swift */,
			);
			path = Models;
			sourceTree = "<group>";
		};
		0A1000342C00000000000001 /* Services */ = {
			isa = PBXGroup;
			children = (
				0A1000142C00000000000001 /* AlarmTimeCalculator.swift */,
				0A1001012C00000000000009 /* ConsentManager.swift */,
				0A1000F32C00000000000008 /* GooglePlaceResolver.swift */,
				0A1000F12C00000000000007 /* MapItemResolver.swift */,
				0A1000832C00000000000002 /* MapKitRouteWeatherService.swift */,
				0A1000152C00000000000001 /* NotificationScheduling.swift */,
				0A1000A62C00000000000003 /* RoutePreviewService.swift */,
				0A1000162C00000000000001 /* RouteWeatherService.swift */,
				0A1000842C00000000000002 /* WeatherSamplingService.swift */,
				0A1000E12C00000000000006 /* WeatherKitSamplingService.swift */,
				7D92658ADF45F0EC2AD58E50 /* AlarmKitScheduler.swift */,
				7D92658ADFA0F0EC2AD58B01 /* BackgroundWeatherRefresh.swift */,
				07A5A9EAEA066F80FAC943D3 /* GeneratedVoiceStore.swift */,
				D0E42F1A82A2DC0F58286FF0 /* GeneratedVoiceAssembler.swift */,
				E5ECAFB90DC821FA5EE54ADD /* AIVoiceClient.swift */,
				6BA273EA8BCD1B0999200C60 /* AIVoiceQuota.swift */,
				0A1000AD2C0000000000AD03 /* KeychainCounters.swift */,
				0A1000AD2C0000000000AD07 /* EveningPreview.swift */,
				3AD002638D80D3B245F91C05 /* RewardedAdController.swift */,
				C21DFB581C278C05ABFA0647 /* AdReport.swift */,
			);
			path = Services;
			sourceTree = "<group>";
		};
		0A1000352C00000000000001 /* ViewModels */ = {
			isa = PBXGroup;
			children = (
				0A1000172C00000000000001 /* AlarmViewModel.swift */,
			);
			path = ViewModels;
			sourceTree = "<group>";
		};
		0A1000482C00000000000002 /* RainyClockTests */ = {
			isa = PBXGroup;
			children = (
				0A1000462C00000000000002 /* AlarmTimeCalculatorTests.swift */,
				0A1000872C00000000000002 /* WeatherSampleMapperTests.swift */,
				0A1000AD2C0000000000AD05 /* AIVoiceQuotaTests.swift */,
				0A1000AD2C0000000000AD09 /* EveningPreviewPlannerTests.swift */,
				0A1000AD2C0000000000AD01 /* AdReportTests.swift */,
				FDA82D02716704A4024FBA29 /* AlarmSchedulingSettingsTests.swift */,
				39C8C3492E7E1E5211E865AC /* AlarmViewModelSchedulingTests.swift */,
				9606BA5A5CBAB2AB6039C090 /* GeneratedVoiceAssemblerTests.swift */,
			);
			path = RainyClockTests;
			sourceTree = "<group>";
		};
		23133716D89CE4D5F837314F /* iOS */ = {
			isa = PBXGroup;
			children = (
				38716E405CDB08148FEFEA93 /* Foundation.framework */,
			);
			name = iOS;
			sourceTree = "<group>";
		};
		79EF084AD975C5D57A359236 /* Frameworks */ = {
			isa = PBXGroup;
			children = (
				23133716D89CE4D5F837314F /* iOS */,
			);
			name = Frameworks;
			sourceTree = "<group>";
		};
		A8078FEEC36018A4DF86603D /* RainyClockAlarmWidget */ = {
			isa = PBXGroup;
			children = (
				36DE7F14501F8A8F682E4478 /* RainyClockAlarmWidgetBundle.swift */,
				1C36A72344C85323EDB4B2B8 /* CommuteAlarmLiveActivity.swift */,
				4133FF63012A434AB5C610F5 /* Info.plist */,
			);
			name = RainyClockAlarmWidget;
			path = RainyClockAlarmWidget;
			sourceTree = "<group>";
		};
/* End PBXGroup section */

/* Begin PBXNativeTarget section */
		0A1000402C00000000000001 /* RainyClock */ = {
			isa = PBXNativeTarget;
			buildConfigurationList = 0A1000702C00000000000001 /* Build configuration list for PBXNativeTarget "RainyClock" */;
			buildPhases = (
				0A1000502C00000000000001 /* Sources */,
				0A1000202C00000000000001 /* Frameworks */,
				0A1000512C00000000000001 /* Resources */,
				5F08CB49C4DF3F9005E3B415 /* Embed Foundation Extensions */,
			);
			buildRules = (
			);
			dependencies = (
				2FFE1C8781EE6691A237EECA /* PBXTargetDependency */,
			);
			name = RainyClock;
			packageProductDependencies = (
				0A1000F32C00000000000005 /* UnityMediationSDK */,
			);
			productName = RainyClock;
			productReference = 0A1000192C00000000000001 /* RainyClock.app */;
			productType = "com.apple.product-type.application";
		};
		0A1000492C00000000000002 /* RainyClockTests */ = {
			isa = PBXNativeTarget;
			buildConfigurationList = 0A1000802C00000000000002 /* Build configuration list for PBXNativeTarget "RainyClockTests" */;
			buildPhases = (
				0A10004A2C00000000000002 /* Sources */,
				0A10004B2C00000000000002 /* Frameworks */,
				0A10004C2C00000000000002 /* Resources */,
			);
			buildRules = (
			);
			dependencies = (
				0A10004F2C00000000000002 /* PBXTargetDependency */,
			);
			name = RainyClockTests;
			productName = RainyClockTests;
			productReference = 0A1000472C00000000000002 /* RainyClockTests.xctest */;
			productType = "com.apple.product-type.bundle.unit-test";
		};
		9ADD771964D05F1586DCF167 /* RainyClockAlarmWidget */ = {
			isa = PBXNativeTarget;
			buildConfigurationList = 6A6B9B5BF5D8522BDEAF696A /* Build configuration list for PBXNativeTarget "RainyClockAlarmWidget" */;
			buildPhases = (
				ADF08C903B8E12A8A4D4CB87 /* Sources */,
				6199DD1A5968EF234E0E4B81 /* Frameworks */,
				71A6259A3977F08B190724AA /* Resources */,
			);
			buildRules = (
			);
			dependencies = (
			);
			name = RainyClockAlarmWidget;
			productName = RainyClockAlarmWidget;
			productReference = 4F27BC082A98163C47E456A4 /* RainyClockAlarmWidget.appex */;
			productType = "com.apple.product-type.app-extension";
		};
/* End PBXNativeTarget section */

/* Begin PBXProject section */
		0A1000602C00000000000001 /* Project object */ = {
			isa = PBXProject;
			attributes = {
				BuildIndependentTargetsInParallel = 1;
				LastSwiftUpdateCheck = 2650;
				LastUpgradeCheck = 2650;
				TargetAttributes = {
					0A1000402C00000000000001 = {
						CreatedOnToolsVersion = 26.5;
					};
					0A1000492C00000000000002 = {
						CreatedOnToolsVersion = 26.5;
						TestTargetID = 0A1000402C00000000000001;
					};
				};
			};
			buildConfigurationList = 0A1000612C00000000000001 /* Build configuration list for PBXProject "RainyClock" */;
			developmentRegion = en;
			hasScannedForEncodings = 0;
			knownRegions = (
				en,
				Base,
				"zh-Hant",
			);
			mainGroup = 0A1000302C00000000000001;
			minimizedProjectReferenceProxies = 1;
			packageReferences = (
				0A1000F22C00000000000005 /* XCRemoteSwiftPackageReference "LevelPlay-Swift-Package" */,
			);
			preferredProjectObjectVersion = 77;
			productRefGroup = 0A1000322C00000000000001 /* Products */;
			projectDirPath = "";
			projectRoot = "";
			targets = (
				0A1000402C00000000000001 /* RainyClock */,
				0A1000492C00000000000002 /* RainyClockTests */,
				9ADD771964D05F1586DCF167 /* RainyClockAlarmWidget */,
			);
		};
/* End PBXProject section */

/* Begin PBXResourcesBuildPhase section */
		0A10004C2C00000000000002 /* Resources */ = {
			isa = PBXResourcesBuildPhase;
			buildActionMask = 2147483647;
			files = (
			);
			runOnlyForDeploymentPostprocessing = 0;
		};
		0A1000512C00000000000001 /* Resources */ = {
			isa = PBXResourcesBuildPhase;
			buildActionMask = 2147483647;
			files = (
				0A1000082C00000000000001 /* Assets.xcassets in Resources */,
				0A1000122C00000000000002 /* AlarmTone.wav in Resources */,
				0A1000B12C00000000000003 /* RainyClock.wav in Resources */,
				0A1000B32C00000000000003 /* MorningBell.wav in Resources */,
				0A1000B52C00000000000003 /* SoftPiano.wav in Resources */,
				0A1000D12C00000000000005 /* BrightChime.wav in Resources */,
				0A1000D32C00000000000005 /* GentleWaves.wav in Resources */,
				0A1000D52C00000000000005 /* DigitalBeep.wav in Resources */,
				0A1000D72C00000000000005 /* ForestBirds.wav in Resources */,
				0A1000D92C00000000000005 /* EnergeticPulse.wav in Resources */,
				0A1000DB2C00000000000005 /* DeepResonance.wav in Resources */,
				0A1000DD2C00000000000005 /* MinimalTap.wav in Resources */,
				0A1000092C00000000000001 /* Localizable.strings in Resources */,
				0A10000A2C00000000000001 /* InfoPlist.strings in Resources */,
				0A1000A12C00000000000003 /* PrivacyInfo.xcprivacy in Resources */,
				752692FA157404C5E3CAEFFF /* preview-bright-en.m4a in Resources */,
				A0338E5E582A4E84E222D889 /* preview-bright-zh.m4a in Resources */,
				3A72E4BA911DE567BDEA8BE0 /* preview-buddy-en.m4a in Resources */,
				DF082B611B71792BF1D6336D /* preview-buddy-zh.m4a in Resources */,
				055C98A97C952DCC1CC69CC0 /* preview-gentle-en.m4a in Resources */,
				B2EF991B654BB0E7A03A90AC /* preview-gentle-zh.m4a in Resources */,
				5ED0BEB9D3318E359E99F0A2 /* preview-mom-en.m4a in Resources */,
				F78A594DA66B7682BD358744 /* preview-mom-zh.m4a in Resources */,
				05874822BCC1F7733B2BEE1F /* preview-sergeant-en.m4a in Resources */,
				602074CD6CEA9C97CD29B77E /* preview-sergeant-zh.m4a in Resources */,
				78C9359541A1A63A25859ED4 /* preview-steady-en.m4a in Resources */,
				CFC9F616B873328E7A2F0342 /* preview-steady-zh.m4a in Resources */,
			);
			runOnlyForDeploymentPostprocessing = 0;
		};
		71A6259A3977F08B190724AA /* Resources */ = {
			isa = PBXResourcesBuildPhase;
			buildActionMask = 2147483647;
			files = (
			);
			runOnlyForDeploymentPostprocessing = 0;
		};
/* End PBXResourcesBuildPhase section */

/* Begin PBXSourcesBuildPhase section */
		0A10004A2C00000000000002 /* Sources */ = {
			isa = PBXSourcesBuildPhase;
			buildActionMask = 2147483647;
			files = (
				0A10000B2C00000000000001 /* AlarmTimeCalculatorTests.swift in Sources */,
				0A1000102C00000000000001 /* WeatherSampleMapperTests.swift in Sources */,
				0A1000AD2C0000000000AD06 /* AIVoiceQuotaTests.swift in Sources */,
				0A1000AD2C0000000000AD0A /* EveningPreviewPlannerTests.swift in Sources */,
				0A1000AD2C0000000000AD02 /* AdReportTests.swift in Sources */,
				D9AFFD3EDD2005FE2CE06FEC /* AlarmSchedulingSettingsTests.swift in Sources */,
				F7F9A507A2726D0344BDA3B7 /* AlarmViewModelSchedulingTests.swift in Sources */,
				E02AA2444353D39C4B42A1E9 /* GeneratedVoiceAssemblerTests.swift in Sources */,
			);
			runOnlyForDeploymentPostprocessing = 0;
		};
		0A1000502C00000000000001 /* Sources */ = {
			isa = PBXSourcesBuildPhase;
			buildActionMask = 2147483647;
			files = (
				0A1000012C00000000000001 /* RainyClockApp.swift in Sources */,
				0A1000022C00000000000001 /* ContentView.swift in Sources */,
				0A1000F12C00000000000005 /* LevelPlayBannerView.swift in Sources */,
				0A1000F92C00000000000005 /* AdConsentSheet.swift in Sources */,
				0A1000032C00000000000001 /* CommuteAlarmSettings.swift in Sources */,
				0A1000042C00000000000001 /* AlarmTimeCalculator.swift in Sources */,
				0A1000052C00000000000001 /* NotificationScheduling.swift in Sources */,
				0A1000062C00000000000001 /* RouteWeatherService.swift in Sources */,
				0A1000072C00000000000001 /* AlarmViewModel.swift in Sources */,
				0A1000132C00000000000002 /* AppEnvironment.swift in Sources */,
				0A10000C2C00000000000001 /* MapKitRouteWeatherService.swift in Sources */,
				0A1000F22C00000000000008 /* GooglePlaceResolver.swift in Sources */,
				0A1001002C00000000000009 /* ConsentManager.swift in Sources */,
				0A1000F02C00000000000007 /* MapItemResolver.swift in Sources */,
				0A10000D2C00000000000001 /* WeatherSamplingService.swift in Sources */,
				0A1000E02C00000000000006 /* WeatherKitSamplingService.swift in Sources */,
				0A1000A42C00000000000003 /* RoutePreviewService.swift in Sources */,
				0A1000A52C00000000000003 /* RoutePreviewMapView.swift in Sources */,
				0A1000A32C00000000000003 /* WeatherAttributionView.swift in Sources */,
				16908840039C92EF6FDD7931 /* CommuteAlarmMetadata.swift in Sources */,
				672140296105B2FF93129911 /* AlarmKitScheduler.swift in Sources */,
				6721402961A0B2FF93129B01 /* BackgroundWeatherRefresh.swift in Sources */,
				12E2CB57CF460CA5D7EC382B /* GeneratedVoiceStore.swift in Sources */,
				CC01D225E6E91D1422F2F457 /* GeneratedVoiceAssembler.swift in Sources */,
				CF5CAA8FE6A0EB863437C561 /* AIVoiceSheet.swift in Sources */,
				2D0102BC61B33B4F45B782AB /* AIVoiceClient.swift in Sources */,
				AA98B6CDAFC126C83261B927 /* VoicePersona.swift in Sources */,
				91824AA8244757AED10F11B2 /* AIVoiceQuota.swift in Sources */,
				0A1000AD2C0000000000AD04 /* KeychainCounters.swift in Sources */,
				0A1000AD2C0000000000AD08 /* EveningPreview.swift in Sources */,
				01D38ACAF517A7C2D707E95E /* RewardedAdController.swift in Sources */,
				D901596ADED0CA3EC1B23B61 /* AdReport.swift in Sources */,
			);
			runOnlyForDeploymentPostprocessing = 0;
		};
		ADF08C903B8E12A8A4D4CB87 /* Sources */ = {
			isa = PBXSourcesBuildPhase;
			buildActionMask = 2147483647;
			files = (
				305482FE2E7CFA780A020BD2 /* RainyClockAlarmWidgetBundle.swift in Sources */,
				CD94782468365102E82370FC /* CommuteAlarmLiveActivity.swift in Sources */,
				754AECAC7E45A94AF3DEA98E /* CommuteAlarmMetadata.swift in Sources */,
			);
			runOnlyForDeploymentPostprocessing = 0;
		};
/* End PBXSourcesBuildPhase section */

/* Begin PBXTargetDependency section */
		0A10004F2C00000000000002 /* PBXTargetDependency */ = {
			isa = PBXTargetDependency;
			target = 0A1000402C00000000000001 /* RainyClock */;
			targetProxy = 0A10004E2C00000000000002 /* PBXContainerItemProxy */;
		};
		2FFE1C8781EE6691A237EECA /* PBXTargetDependency */ = {
			isa = PBXTargetDependency;
			name = RainyClockAlarmWidget;
			target = 9ADD771964D05F1586DCF167 /* RainyClockAlarmWidget */;
			targetProxy = 98C80D1D0CB49E9785C237DD /* PBXContainerItemProxy */;
		};
/* End PBXTargetDependency section */

/* Begin PBXVariantGroup section */
		0A1000402C00000000000002 /* Localizable.strings */ = {
			isa = PBXVariantGroup;
			children = (
				0A1000422C00000000000002 /* en */,
				0A1000432C00000000000002 /* zh-Hant */,
			);
			name = Localizable.strings;
			sourceTree = "<group>";
		};
		0A1000412C00000000000002 /* InfoPlist.strings */ = {
			isa = PBXVariantGroup;
			children = (
				0A1000442C00000000000002 /* en */,
				0A1000452C00000000000002 /* zh-Hant */,
			);
			name = InfoPlist.strings;
			sourceTree = "<group>";
		};
/* End PBXVariantGroup section */

/* Begin XCBuildConfiguration section */
		0A1000622C00000000000001 /* Debug */ = {
			isa = XCBuildConfiguration;
			buildSettings = {
				ALWAYS_SEARCH_USER_PATHS = NO;
				CLANG_ANALYZER_NONNULL = YES;
				CLANG_ANALYZER_NUMBER_OBJECT_CONVERSION = YES_AGGRESSIVE;
				CLANG_CXX_LANGUAGE_STANDARD = "gnu++20";
				CLANG_ENABLE_MODULES = YES;
				CLANG_ENABLE_OBJC_ARC = YES;
				CLANG_ENABLE_OBJC_WEAK = YES;
				CLANG_WARN_BLOCK_CAPTURE_AUTORELEASING = YES;
				CLANG_WARN_BOOL_CONVERSION = YES;
				CLANG_WARN_COMMA = YES;
				CLANG_WARN_CONSTANT_CONVERSION = YES;
				CLANG_WARN_DEPRECATED_OBJC_IMPLEMENTATIONS = YES;
				CLANG_WARN_DIRECT_OBJC_ISA_USAGE = YES_ERROR;
				CLANG_WARN_DOCUMENTATION_COMMENTS = YES;
				CLANG_WARN_EMPTY_BODY = YES;
				CLANG_WARN_ENUM_CONVERSION = YES;
				CLANG_WARN_INFINITE_RECURSION = YES;
				CLANG_WARN_INT_CONVERSION = YES;
				CLANG_WARN_NON_LITERAL_NULL_CONVERSION = YES;
				CLANG_WARN_OBJC_IMPLICIT_RETAIN_SELF = YES;
				CLANG_WARN_OBJC_LITERAL_CONVERSION = YES;
				CLANG_WARN_OBJC_ROOT_CLASS = YES_ERROR;
				CLANG_WARN_QUOTED_INCLUDE_IN_FRAMEWORK_HEADER = YES;
				CLANG_WARN_RANGE_LOOP_ANALYSIS = YES;
				CLANG_WARN_STRICT_PROTOTYPES = YES;
				CLANG_WARN_SUSPICIOUS_MOVE = YES;
				CLANG_WARN_UNGUARDED_AVAILABILITY = YES_AGGRESSIVE;
				CLANG_WARN_UNREACHABLE_CODE = YES;
				CLANG_WARN__DUPLICATE_METHOD_MATCH = YES;
				COPY_PHASE_STRIP = NO;
				DEBUG_INFORMATION_FORMAT = dwarf;
				ENABLE_STRICT_OBJC_MSGSEND = YES;
				ENABLE_TESTABILITY = YES;
				ENABLE_USER_SCRIPT_SANDBOXING = YES;
				GCC_C_LANGUAGE_STANDARD = gnu17;
				GCC_DYNAMIC_NO_PIC = NO;
				GCC_NO_COMMON_BLOCKS = YES;
				GCC_OPTIMIZATION_LEVEL = 0;
				GCC_PREPROCESSOR_DEFINITIONS = (
					"DEBUG=1",
					"$(inherited)",
				);
				GCC_WARN_64_TO_32_BIT_CONVERSION = YES;
				GCC_WARN_ABOUT_RETURN_TYPE = YES_ERROR;
				GCC_WARN_UNDECLARED_SELECTOR = YES;
				GCC_WARN_UNINITIALIZED_AUTOS = YES_AGGRESSIVE;
				GCC_WARN_UNUSED_FUNCTION = YES;
				GCC_WARN_UNUSED_VARIABLE = YES;
				IPHONEOS_DEPLOYMENT_TARGET = 17.0;
				MTL_ENABLE_DEBUG_INFO = INCLUDE_SOURCE;
				MTL_FAST_MATH = YES;
				ONLY_ACTIVE_ARCH = YES;
				SDKROOT = iphoneos;
				SUPPORTED_PLATFORMS = "iphoneos iphonesimulator";
				SWIFT_ACTIVE_COMPILATION_CONDITIONS = "DEBUG $(inherited)";
				SWIFT_OPTIMIZATION_LEVEL = "-Onone";
			};
			name = Debug;
		};
		0A1000632C00000000000001 /* Release */ = {
			isa = XCBuildConfiguration;
			buildSettings = {
				ALWAYS_SEARCH_USER_PATHS = NO;
				CLANG_ANALYZER_NONNULL = YES;
				CLANG_ANALYZER_NUMBER_OBJECT_CONVERSION = YES_AGGRESSIVE;
				CLANG_CXX_LANGUAGE_STANDARD = "gnu++20";
				CLANG_ENABLE_MODULES = YES;
				CLANG_ENABLE_OBJC_ARC = YES;
				CLANG_ENABLE_OBJC_WEAK = YES;
				CLANG_WARN_BLOCK_CAPTURE_AUTORELEASING = YES;
				CLANG_WARN_BOOL_CONVERSION = YES;
				CLANG_WARN_COMMA = YES;
				CLANG_WARN_CONSTANT_CONVERSION = YES;
				CLANG_WARN_DEPRECATED_OBJC_IMPLEMENTATIONS = YES;
				CLANG_WARN_DIRECT_OBJC_ISA_USAGE = YES_ERROR;
				CLANG_WARN_DOCUMENTATION_COMMENTS = YES;
				CLANG_WARN_EMPTY_BODY = YES;
				CLANG_WARN_ENUM_CONVERSION = YES;
				CLANG_WARN_INFINITE_RECURSION = YES;
				CLANG_WARN_INT_CONVERSION = YES;
				CLANG_WARN_NON_LITERAL_NULL_CONVERSION = YES;
				CLANG_WARN_OBJC_IMPLICIT_RETAIN_SELF = YES;
				CLANG_WARN_OBJC_LITERAL_CONVERSION = YES;
				CLANG_WARN_OBJC_ROOT_CLASS = YES_ERROR;
				CLANG_WARN_QUOTED_INCLUDE_IN_FRAMEWORK_HEADER = YES;
				CLANG_WARN_RANGE_LOOP_ANALYSIS = YES;
				CLANG_WARN_STRICT_PROTOTYPES = YES;
				CLANG_WARN_SUSPICIOUS_MOVE = YES;
				CLANG_WARN_UNGUARDED_AVAILABILITY = YES_AGGRESSIVE;
				CLANG_WARN_UNREACHABLE_CODE = YES;
				CLANG_WARN__DUPLICATE_METHOD_MATCH = YES;
				COPY_PHASE_STRIP = NO;
				DEBUG_INFORMATION_FORMAT = "dwarf-with-dsym";
				ENABLE_NS_ASSERTIONS = NO;
				ENABLE_STRICT_OBJC_MSGSEND = YES;
				ENABLE_USER_SCRIPT_SANDBOXING = YES;
				GCC_C_LANGUAGE_STANDARD = gnu17;
				GCC_NO_COMMON_BLOCKS = YES;
				GCC_WARN_64_TO_32_BIT_CONVERSION = YES;
				GCC_WARN_ABOUT_RETURN_TYPE = YES_ERROR;
				GCC_WARN_UNDECLARED_SELECTOR = YES;
				GCC_WARN_UNINITIALIZED_AUTOS = YES_AGGRESSIVE;
				GCC_WARN_UNUSED_FUNCTION = YES;
				GCC_WARN_UNUSED_VARIABLE = YES;
				IPHONEOS_DEPLOYMENT_TARGET = 17.0;
				MTL_ENABLE_DEBUG_INFO = NO;
				MTL_FAST_MATH = YES;
				SDKROOT = iphoneos;
				SUPPORTED_PLATFORMS = "iphoneos iphonesimulator";
				SWIFT_COMPILATION_MODE = wholemodule;
				VALIDATE_PRODUCT = YES;
			};
			name = Release;
		};
		0A1000712C00000000000001 /* Debug */ = {
			isa = XCBuildConfiguration;
			buildSettings = {
				ASSETCATALOG_COMPILER_ACCENT_COLOR_NAME = AccentColor;
				ASSETCATALOG_COMPILER_APPICON_NAME = AppIcon;
				CODE_SIGN_ENTITLEMENTS = RainyClock/RainyClock.entitlements;
				CODE_SIGN_STYLE = Automatic;
				CURRENT_PROJECT_VERSION = 28;
				DEVELOPMENT_TEAM = MQJ88U9NAJ;
				GENERATE_INFOPLIST_FILE = NO;
				INFOPLIST_FILE = RainyClock/Info.plist;
				IPHONEOS_DEPLOYMENT_TARGET = 17.0;
				LD_RUNPATH_SEARCH_PATHS = (
					"$(inherited)",
					"@executable_path/Frameworks",
				);
				MARKETING_VERSION = 1.6.9;
				OTHER_LDFLAGS = "-ObjC";
				PRODUCT_BUNDLE_IDENTIFIER = com.shukaihu.RainyClock;
				PRODUCT_NAME = "$(TARGET_NAME)";
				SUPPORTED_PLATFORMS = "iphoneos iphonesimulator";
				SUPPORTS_MACCATALYST = NO;
				SUPPORTS_MAC_DESIGNED_FOR_IPHONE_IPAD = NO;
				SWIFT_EMIT_LOC_STRINGS = YES;
				SWIFT_VERSION = 6.0;
				TARGETED_DEVICE_FAMILY = 1;
			};
			name = Debug;
		};
		0A1000722C00000000000001 /* Release */ = {
			isa = XCBuildConfiguration;
			buildSettings = {
				ASSETCATALOG_COMPILER_ACCENT_COLOR_NAME = AccentColor;
				ASSETCATALOG_COMPILER_APPICON_NAME = AppIcon;
				CODE_SIGN_ENTITLEMENTS = RainyClock/RainyClock.entitlements;
				CODE_SIGN_STYLE = Automatic;
				CURRENT_PROJECT_VERSION = 28;
				DEVELOPMENT_TEAM = MQJ88U9NAJ;
				GENERATE_INFOPLIST_FILE = NO;
				INFOPLIST_FILE = RainyClock/Info.plist;
				IPHONEOS_DEPLOYMENT_TARGET = 17.0;
				LD_RUNPATH_SEARCH_PATHS = (
					"$(inherited)",
					"@executable_path/Frameworks",
				);
				MARKETING_VERSION = 1.6.9;
				OTHER_LDFLAGS = "-ObjC";
				PRODUCT_BUNDLE_IDENTIFIER = com.shukaihu.RainyClock;
				PRODUCT_NAME = "$(TARGET_NAME)";
				SUPPORTED_PLATFORMS = "iphoneos iphonesimulator";
				SUPPORTS_MACCATALYST = NO;
				SUPPORTS_MAC_DESIGNED_FOR_IPHONE_IPAD = NO;
				SWIFT_EMIT_LOC_STRINGS = YES;
				SWIFT_VERSION = 6.0;
				TARGETED_DEVICE_FAMILY = 1;
			};
			name = Release;
		};
		0A1000812C00000000000002 /* Debug */ = {
			isa = XCBuildConfiguration;
			buildSettings = {
				BUNDLE_LOADER = "$(TEST_HOST)";
				CODE_SIGN_STYLE = Automatic;
				CURRENT_PROJECT_VERSION = 28;
				DEVELOPMENT_TEAM = MQJ88U9NAJ;
				GENERATE_INFOPLIST_FILE = YES;
				IPHONEOS_DEPLOYMENT_TARGET = 17.0;
				MARKETING_VERSION = 1.6.9;
				PRODUCT_BUNDLE_IDENTIFIER = com.shukaihu.RainyClockTests;
				PRODUCT_NAME = "$(TARGET_NAME)";
				SUPPORTED_PLATFORMS = "iphoneos iphonesimulator";
				SUPPORTS_MACCATALYST = NO;
				SUPPORTS_MAC_DESIGNED_FOR_IPHONE_IPAD = NO;
				SWIFT_VERSION = 6.0;
				TARGETED_DEVICE_FAMILY = 1;
				TEST_HOST = "$(BUILT_PRODUCTS_DIR)/RainyClock.app/$(BUNDLE_EXECUTABLE_FOLDER_PATH)/RainyClock";
			};
			name = Debug;
		};
		0A1000822C00000000000002 /* Release */ = {
			isa = XCBuildConfiguration;
			buildSettings = {
				BUNDLE_LOADER = "$(TEST_HOST)";
				CODE_SIGN_STYLE = Automatic;
				CURRENT_PROJECT_VERSION = 28;
				DEVELOPMENT_TEAM = MQJ88U9NAJ;
				GENERATE_INFOPLIST_FILE = YES;
				IPHONEOS_DEPLOYMENT_TARGET = 17.0;
				MARKETING_VERSION = 1.6.9;
				PRODUCT_BUNDLE_IDENTIFIER = com.shukaihu.RainyClockTests;
				PRODUCT_NAME = "$(TARGET_NAME)";
				SUPPORTED_PLATFORMS = "iphoneos iphonesimulator";
				SUPPORTS_MACCATALYST = NO;
				SUPPORTS_MAC_DESIGNED_FOR_IPHONE_IPAD = NO;
				SWIFT_VERSION = 6.0;
				TARGETED_DEVICE_FAMILY = 1;
				TEST_HOST = "$(BUILT_PRODUCTS_DIR)/RainyClock.app/$(BUNDLE_EXECUTABLE_FOLDER_PATH)/RainyClock";
			};
			name = Release;
		};
		340FE7ACB99ECF7A09E9D219 /* Debug */ = {
			isa = XCBuildConfiguration;
			buildSettings = {
				CLANG_ENABLE_OBJC_WEAK = NO;
				CODE_SIGN_STYLE = Automatic;
				CURRENT_PROJECT_VERSION = 28;
				DEVELOPMENT_TEAM = MQJ88U9NAJ;
				GENERATE_INFOPLIST_FILE = YES;
				INFOPLIST_FILE = RainyClockAlarmWidget/Info.plist;
				INFOPLIST_KEY_CFBundleDisplayName = "Rainy Clock Alarm";
				INFOPLIST_KEY_NSHumanReadableCopyright = "";
				IPHONEOS_DEPLOYMENT_TARGET = 26.0;
				LD_RUNPATH_SEARCH_PATHS = (
					"$(inherited)",
					"@executable_path/Frameworks",
					"@executable_path/../../Frameworks",
				);
				MARKETING_VERSION = 1.6.9;
				PRODUCT_BUNDLE_IDENTIFIER = com.shukaihu.RainyClock.AlarmWidget;
				PRODUCT_NAME = "$(TARGET_NAME)";
				SDKROOT = iphoneos;
				SKIP_INSTALL = YES;
				SUPPORTED_PLATFORMS = "iphoneos iphonesimulator";
				SUPPORTS_MACCATALYST = NO;
				SUPPORTS_MAC_DESIGNED_FOR_IPHONE_IPAD = NO;
				SWIFT_EMIT_LOC_STRINGS = YES;
				SWIFT_VERSION = 6.0;
				TARGETED_DEVICE_FAMILY = 1;
			};
			name = Debug;
		};
		6DD77525E7A77156FA34726E /* Release */ = {
			isa = XCBuildConfiguration;
			buildSettings = {
				CLANG_ENABLE_OBJC_WEAK = NO;
				CODE_SIGN_STYLE = Automatic;
				CURRENT_PROJECT_VERSION = 28;
				DEVELOPMENT_TEAM = MQJ88U9NAJ;
				GENERATE_INFOPLIST_FILE = YES;
				INFOPLIST_FILE = RainyClockAlarmWidget/Info.plist;
				INFOPLIST_KEY_CFBundleDisplayName = "Rainy Clock Alarm";
				INFOPLIST_KEY_NSHumanReadableCopyright = "";
				IPHONEOS_DEPLOYMENT_TARGET = 26.0;
				LD_RUNPATH_SEARCH_PATHS = (
					"$(inherited)",
					"@executable_path/Frameworks",
					"@executable_path/../../Frameworks",
				);
				MARKETING_VERSION = 1.6.9;
				PRODUCT_BUNDLE_IDENTIFIER = com.shukaihu.RainyClock.AlarmWidget;
				PRODUCT_NAME = "$(TARGET_NAME)";
				SDKROOT = iphoneos;
				SKIP_INSTALL = YES;
				SUPPORTED_PLATFORMS = "iphoneos iphonesimulator";
				SUPPORTS_MACCATALYST = NO;
				SUPPORTS_MAC_DESIGNED_FOR_IPHONE_IPAD = NO;
				SWIFT_EMIT_LOC_STRINGS = YES;
				SWIFT_VERSION = 6.0;
				TARGETED_DEVICE_FAMILY = 1;
				VALIDATE_PRODUCT = YES;
			};
			name = Release;
		};
/* End XCBuildConfiguration section */

/* Begin XCConfigurationList section */
		0A1000612C00000000000001 /* Build configuration list for PBXProject "RainyClock" */ = {
			isa = XCConfigurationList;
			buildConfigurations = (
				0A1000622C00000000000001 /* Debug */,
				0A1000632C00000000000001 /* Release */,
			);
			defaultConfigurationIsVisible = 0;
			defaultConfigurationName = Release;
		};
		0A1000702C00000000000001 /* Build configuration list for PBXNativeTarget "RainyClock" */ = {
			isa = XCConfigurationList;
			buildConfigurations = (
				0A1000712C00000000000001 /* Debug */,
				0A1000722C00000000000001 /* Release */,
			);
			defaultConfigurationIsVisible = 0;
			defaultConfigurationName = Release;
		};
		0A1000802C00000000000002 /* Build configuration list for PBXNativeTarget "RainyClockTests" */ = {
			isa = XCConfigurationList;
			buildConfigurations = (
				0A1000812C00000000000002 /* Debug */,
				0A1000822C00000000000002 /* Release */,
			);
			defaultConfigurationIsVisible = 0;
			defaultConfigurationName = Release;
		};
		6A6B9B5BF5D8522BDEAF696A /* Build configuration list for PBXNativeTarget "RainyClockAlarmWidget" */ = {
			isa = XCConfigurationList;
			buildConfigurations = (
				6DD77525E7A77156FA34726E /* Release */,
				340FE7ACB99ECF7A09E9D219 /* Debug */,
			);
			defaultConfigurationIsVisible = 0;
			defaultConfigurationName = Release;
		};
/* End XCConfigurationList section */

/* Begin XCRemoteSwiftPackageReference section */
		0A1000F22C00000000000005 /* XCRemoteSwiftPackageReference "LevelPlay-Swift-Package" */ = {
			isa = XCRemoteSwiftPackageReference;
			repositoryURL = "https://github.com/ironsource-mobile/LevelPlay-Swift-Package.git";
			requirement = {
				kind = upToNextMajorVersion;
				minimumVersion = 9.6.0;
			};
		};
/* End XCRemoteSwiftPackageReference section */

/* Begin XCSwiftPackageProductDependency section */
		0A1000F32C00000000000005 /* UnityMediationSDK */ = {
			isa = XCSwiftPackageProductDependency;
			package = 0A1000F22C00000000000005 /* XCRemoteSwiftPackageReference "LevelPlay-Swift-Package" */;
			productName = UnityMediationSDK;
		};
/* End XCSwiftPackageProductDependency section */
	};
	rootObject = 0A1000602C00000000000001 /* Project object */;
}
