// !$*UTF8*$!
{
	archiveVersion = 1;
	classes = {
	};
	objectVersion = 77;
	objects = {

/* Begin PBXBuildFile section */
		0A1000012C00000000000001 /* JackWeatherClockApp.swift in Sources */ = {isa = PBXBuildFile; fileRef = 0A1000112C00000000000001 /* JackWeatherClockApp.swift */; };
		0A1000022C00000000000001 /* ContentView.swift in Sources */ = {isa = PBXBuildFile; fileRef = 0A1000122C00000000000001 /* ContentView.swift */; };
		0A1000032C00000000000001 /* CommuteAlarmSettings.swift in Sources */ = {isa = PBXBuildFile; fileRef = 0A1000132C00000000000001 /* CommuteAlarmSettings.swift */; };
		0A1000042C00000000000001 /* AlarmTimeCalculator.swift in Sources */ = {isa = PBXBuildFile; fileRef = 0A1000142C00000000000001 /* AlarmTimeCalculator.swift */; };
		0A1000052C00000000000001 /* NotificationScheduling.swift in Sources */ = {isa = PBXBuildFile; fileRef = 0A1000152C00000000000001 /* NotificationScheduling.swift */; };
		0A1000062C00000000000001 /* RouteWeatherService.swift in Sources */ = {isa = PBXBuildFile; fileRef = 0A1000162C00000000000001 /* RouteWeatherService.swift */; };
		0A1000072C00000000000001 /* AlarmViewModel.swift in Sources */ = {isa = PBXBuildFile; fileRef = 0A1000172C00000000000001 /* AlarmViewModel.swift */; };
		0A1000082C00000000000001 /* Assets.xcassets in Resources */ = {isa = PBXBuildFile; fileRef = 0A1000182C00000000000001 /* Assets.xcassets */; };
		0A1000092C00000000000001 /* Localizable.strings in Resources */ = {isa = PBXBuildFile; fileRef = 0A1000402C00000000000002 /* Localizable.strings */; };
		0A10000A2C00000000000001 /* InfoPlist.strings in Resources */ = {isa = PBXBuildFile; fileRef = 0A1000412C00000000000002 /* InfoPlist.strings */; };
		0A10000B2C00000000000001 /* AlarmTimeCalculatorTests.swift in Sources */ = {isa = PBXBuildFile; fileRef = 0A1000462C00000000000002 /* AlarmTimeCalculatorTests.swift */; };
		0A10000C2C00000000000001 /* MapKitRouteWeatherService.swift in Sources */ = {isa = PBXBuildFile; fileRef = 0A1000832C00000000000002 /* MapKitRouteWeatherService.swift */; };
		0A10000D2C00000000000001 /* WeatherSamplingService.swift in Sources */ = {isa = PBXBuildFile; fileRef = 0A1000842C00000000000002 /* WeatherSamplingService.swift */; };
		0A10000E2C00000000000001 /* RoutePolylineSampler.swift in Sources */ = {isa = PBXBuildFile; fileRef = 0A1000852C00000000000002 /* RoutePolylineSampler.swift */; };
		0A10000F2C00000000000001 /* RoutePolylineSamplerTests.swift in Sources */ = {isa = PBXBuildFile; fileRef = 0A1000862C00000000000002 /* RoutePolylineSamplerTests.swift */; };
		0A1000102C00000000000001 /* WeatherSampleMapperTests.swift in Sources */ = {isa = PBXBuildFile; fileRef = 0A1000872C00000000000002 /* WeatherSampleMapperTests.swift */; };
/* End PBXBuildFile section */

/* Begin PBXContainerItemProxy section */
		0A10004E2C00000000000002 /* PBXContainerItemProxy */ = {
			isa = PBXContainerItemProxy;
			containerPortal = 0A1000602C00000000000001 /* Project object */;
			proxyType = 1;
			remoteGlobalIDString = 0A1000402C00000000000001;
			remoteInfo = JackWeatherClock;
		};
/* End PBXContainerItemProxy section */

/* Begin PBXFileReference section */
		0A1000112C00000000000001 /* JackWeatherClockApp.swift */ = {isa = PBXFileReference; lastKnownFileType = sourcecode.swift; path = JackWeatherClockApp.swift; sourceTree = "<group>"; };
		0A1000122C00000000000001 /* ContentView.swift */ = {isa = PBXFileReference; lastKnownFileType = sourcecode.swift; path = ContentView.swift; sourceTree = "<group>"; };
		0A1000132C00000000000001 /* CommuteAlarmSettings.swift */ = {isa = PBXFileReference; lastKnownFileType = sourcecode.swift; path = CommuteAlarmSettings.swift; sourceTree = "<group>"; };
		0A1000142C00000000000001 /* AlarmTimeCalculator.swift */ = {isa = PBXFileReference; lastKnownFileType = sourcecode.swift; path = AlarmTimeCalculator.swift; sourceTree = "<group>"; };
		0A1000152C00000000000001 /* NotificationScheduling.swift */ = {isa = PBXFileReference; lastKnownFileType = sourcecode.swift; path = NotificationScheduling.swift; sourceTree = "<group>"; };
		0A1000162C00000000000001 /* RouteWeatherService.swift */ = {isa = PBXFileReference; lastKnownFileType = sourcecode.swift; path = RouteWeatherService.swift; sourceTree = "<group>"; };
		0A1000172C00000000000001 /* AlarmViewModel.swift */ = {isa = PBXFileReference; lastKnownFileType = sourcecode.swift; path = AlarmViewModel.swift; sourceTree = "<group>"; };
		0A1000182C00000000000001 /* Assets.xcassets */ = {isa = PBXFileReference; lastKnownFileType = folder.assetcatalog; path = Assets.xcassets; sourceTree = "<group>"; };
		0A1000192C00000000000001 /* JackWeatherClock.app */ = {isa = PBXFileReference; explicitFileType = wrapper.application; includeInIndex = 0; path = JackWeatherClock.app; sourceTree = BUILT_PRODUCTS_DIR; };
		0A1000422C00000000000002 /* en */ = {isa = PBXFileReference; lastKnownFileType = text.plist.strings; name = en; path = en.lproj/Localizable.strings; sourceTree = "<group>"; };
		0A1000432C00000000000002 /* zh-Hant */ = {isa = PBXFileReference; lastKnownFileType = text.plist.strings; name = "zh-Hant"; path = "zh-Hant.lproj/Localizable.strings"; sourceTree = "<group>"; };
		0A1000442C00000000000002 /* en */ = {isa = PBXFileReference; lastKnownFileType = text.plist.strings; name = en; path = en.lproj/InfoPlist.strings; sourceTree = "<group>"; };
		0A1000452C00000000000002 /* zh-Hant */ = {isa = PBXFileReference; lastKnownFileType = text.plist.strings; name = "zh-Hant"; path = "zh-Hant.lproj/InfoPlist.strings"; sourceTree = "<group>"; };
		0A1000462C00000000000002 /* AlarmTimeCalculatorTests.swift */ = {isa = PBXFileReference; lastKnownFileType = sourcecode.swift; path = AlarmTimeCalculatorTests.swift; sourceTree = "<group>"; };
		0A1000472C00000000000002 /* JackWeatherClockTests.xctest */ = {isa = PBXFileReference; explicitFileType = wrapper.cfbundle; includeInIndex = 0; path = JackWeatherClockTests.xctest; sourceTree = BUILT_PRODUCTS_DIR; };
		0A1000832C00000000000002 /* MapKitRouteWeatherService.swift */ = {isa = PBXFileReference; lastKnownFileType = sourcecode.swift; path = MapKitRouteWeatherService.swift; sourceTree = "<group>"; };
		0A1000842C00000000000002 /* WeatherSamplingService.swift */ = {isa = PBXFileReference; lastKnownFileType = sourcecode.swift; path = WeatherSamplingService.swift; sourceTree = "<group>"; };
		0A1000852C00000000000002 /* RoutePolylineSampler.swift */ = {isa = PBXFileReference; lastKnownFileType = sourcecode.swift; path = RoutePolylineSampler.swift; sourceTree = "<group>"; };
		0A1000862C00000000000002 /* RoutePolylineSamplerTests.swift */ = {isa = PBXFileReference; lastKnownFileType = sourcecode.swift; path = RoutePolylineSamplerTests.swift; sourceTree = "<group>"; };
		0A1000872C00000000000002 /* WeatherSampleMapperTests.swift */ = {isa = PBXFileReference; lastKnownFileType = sourcecode.swift; path = WeatherSampleMapperTests.swift; sourceTree = "<group>"; };
/* End PBXFileReference section */

/* Begin PBXFileSystemSynchronizedRootGroup section */
/* End PBXFileSystemSynchronizedRootGroup section */

/* Begin PBXFrameworksBuildPhase section */
		0A1000202C00000000000001 /* Frameworks */ = {
			isa = PBXFrameworksBuildPhase;
			buildActionMask = 2147483647;
			files = (
			);
			runOnlyForDeploymentPostprocessing = 0;
		};
		0A10004B2C00000000000002 /* Frameworks */ = {
			isa = PBXFrameworksBuildPhase;
			buildActionMask = 2147483647;
			files = (
			);
			runOnlyForDeploymentPostprocessing = 0;
		};
/* End PBXFrameworksBuildPhase section */

/* Begin PBXGroup section */
		0A1000302C00000000000001 = {
			isa = PBXGroup;
			children = (
				0A1000312C00000000000001 /* JackWeatherClock */,
				0A1000482C00000000000002 /* JackWeatherClockTests */,
				0A1000322C00000000000001 /* Products */,
			);
			sourceTree = "<group>";
		};
		0A1000312C00000000000001 /* JackWeatherClock */ = {
			isa = PBXGroup;
			children = (
				0A1000112C00000000000001 /* JackWeatherClockApp.swift */,
				0A1000122C00000000000001 /* ContentView.swift */,
				0A1000332C00000000000001 /* Models */,
				0A1000342C00000000000001 /* Services */,
				0A1000352C00000000000001 /* ViewModels */,
				0A1000182C00000000000001 /* Assets.xcassets */,
				0A1000402C00000000000002 /* Localizable.strings */,
				0A1000412C00000000000002 /* InfoPlist.strings */,
			);
			path = JackWeatherClock;
			sourceTree = "<group>";
		};
		0A1000322C00000000000001 /* Products */ = {
			isa = PBXGroup;
			children = (
				0A1000192C00000000000001 /* JackWeatherClock.app */,
				0A1000472C00000000000002 /* JackWeatherClockTests.xctest */,
			);
			name = Products;
			sourceTree = "<group>";
		};
		0A1000332C00000000000001 /* Models */ = {
			isa = PBXGroup;
			children = (
				0A1000132C00000000000001 /* CommuteAlarmSettings.swift */,
			);
			path = Models;
			sourceTree = "<group>";
		};
		0A1000342C00000000000001 /* Services */ = {
			isa = PBXGroup;
			children = (
				0A1000142C00000000000001 /* AlarmTimeCalculator.swift */,
				0A1000832C00000000000002 /* MapKitRouteWeatherService.swift */,
				0A1000152C00000000000001 /* NotificationScheduling.swift */,
				0A1000852C00000000000002 /* RoutePolylineSampler.swift */,
				0A1000162C00000000000001 /* RouteWeatherService.swift */,
				0A1000842C00000000000002 /* WeatherSamplingService.swift */,
			);
			path = Services;
			sourceTree = "<group>";
		};
		0A1000352C00000000000001 /* ViewModels */ = {
			isa = PBXGroup;
			children = (
				0A1000172C00000000000001 /* AlarmViewModel.swift */,
			);
			path = ViewModels;
			sourceTree = "<group>";
		};
		0A1000482C00000000000002 /* JackWeatherClockTests */ = {
			isa = PBXGroup;
			children = (
				0A1000462C00000000000002 /* AlarmTimeCalculatorTests.swift */,
				0A1000862C00000000000002 /* RoutePolylineSamplerTests.swift */,
				0A1000872C00000000000002 /* WeatherSampleMapperTests.swift */,
			);
			path = JackWeatherClockTests;
			sourceTree = "<group>";
		};
/* End PBXGroup section */

/* Begin PBXNativeTarget section */
		0A1000402C00000000000001 /* JackWeatherClock */ = {
			isa = PBXNativeTarget;
			buildConfigurationList = 0A1000702C00000000000001 /* Build configuration list for PBXNativeTarget "JackWeatherClock" */;
			buildPhases = (
				0A1000502C00000000000001 /* Sources */,
				0A1000202C00000000000001 /* Frameworks */,
				0A1000512C00000000000001 /* Resources */,
			);
			buildRules = (
			);
			dependencies = (
			);
			name = JackWeatherClock;
			productName = JackWeatherClock;
			productReference = 0A1000192C00000000000001 /* JackWeatherClock.app */;
			productType = "com.apple.product-type.application";
		};
		0A1000492C00000000000002 /* JackWeatherClockTests */ = {
			isa = PBXNativeTarget;
			buildConfigurationList = 0A1000802C00000000000002 /* Build configuration list for PBXNativeTarget "JackWeatherClockTests" */;
			buildPhases = (
				0A10004A2C00000000000002 /* Sources */,
				0A10004B2C00000000000002 /* Frameworks */,
				0A10004C2C00000000000002 /* Resources */,
			);
			buildRules = (
			);
			dependencies = (
				0A10004F2C00000000000002 /* PBXTargetDependency */,
			);
			name = JackWeatherClockTests;
			productName = JackWeatherClockTests;
			productReference = 0A1000472C00000000000002 /* JackWeatherClockTests.xctest */;
			productType = "com.apple.product-type.bundle.unit-test";
		};
/* End PBXNativeTarget section */

/* Begin PBXProject section */
		0A1000602C00000000000001 /* Project object */ = {
			isa = PBXProject;
			attributes = {
				BuildIndependentTargetsInParallel = 1;
				LastSwiftUpdateCheck = 2650;
				LastUpgradeCheck = 2650;
				TargetAttributes = {
					0A1000402C00000000000001 = {
						CreatedOnToolsVersion = 26.5;
					};
					0A1000492C00000000000002 = {
						CreatedOnToolsVersion = 26.5;
						TestTargetID = 0A1000402C00000000000001;
					};
				};
			};
			buildConfigurationList = 0A1000612C00000000000001 /* Build configuration list for PBXProject "JackWeatherClock" */;
			developmentRegion = en;
			hasScannedForEncodings = 0;
			knownRegions = (
				en,
				Base,
				"zh-Hant",
			);
			mainGroup = 0A1000302C00000000000001;
			minimizedProjectReferenceProxies = 1;
			preferredProjectObjectVersion = 77;
			productRefGroup = 0A1000322C00000000000001 /* Products */;
			projectDirPath = "";
			projectRoot = "";
			targets = (
				0A1000402C00000000000001 /* JackWeatherClock */,
				0A1000492C00000000000002 /* JackWeatherClockTests */,
			);
		};
/* End PBXProject section */

/* Begin PBXResourcesBuildPhase section */
		0A1000512C00000000000001 /* Resources */ = {
			isa = PBXResourcesBuildPhase;
			buildActionMask = 2147483647;
			files = (
				0A1000082C00000000000001 /* Assets.xcassets in Resources */,
				0A1000092C00000000000001 /* Localizable.strings in Resources */,
				0A10000A2C00000000000001 /* InfoPlist.strings in Resources */,
			);
			runOnlyForDeploymentPostprocessing = 0;
		};
		0A10004C2C00000000000002 /* Resources */ = {
			isa = PBXResourcesBuildPhase;
			buildActionMask = 2147483647;
			files = (
			);
			runOnlyForDeploymentPostprocessing = 0;
		};
/* End PBXResourcesBuildPhase section */

/* Begin PBXVariantGroup section */
		0A1000402C00000000000002 /* Localizable.strings */ = {
			isa = PBXVariantGroup;
			children = (
				0A1000422C00000000000002 /* en */,
				0A1000432C00000000000002 /* zh-Hant */,
			);
			name = Localizable.strings;
			sourceTree = "<group>";
		};
		0A1000412C00000000000002 /* InfoPlist.strings */ = {
			isa = PBXVariantGroup;
			children = (
				0A1000442C00000000000002 /* en */,
				0A1000452C00000000000002 /* zh-Hant */,
			);
			name = InfoPlist.strings;
			sourceTree = "<group>";
		};
/* End PBXVariantGroup section */

/* Begin PBXSourcesBuildPhase section */
		0A1000502C00000000000001 /* Sources */ = {
			isa = PBXSourcesBuildPhase;
			buildActionMask = 2147483647;
			files = (
				0A1000012C00000000000001 /* JackWeatherClockApp.swift in Sources */,
				0A1000022C00000000000001 /* ContentView.swift in Sources */,
				0A1000032C00000000000001 /* CommuteAlarmSettings.swift in Sources */,
				0A1000042C00000000000001 /* AlarmTimeCalculator.swift in Sources */,
				0A1000052C00000000000001 /* NotificationScheduling.swift in Sources */,
				0A1000062C00000000000001 /* RouteWeatherService.swift in Sources */,
				0A1000072C00000000000001 /* AlarmViewModel.swift in Sources */,
				0A10000C2C00000000000001 /* MapKitRouteWeatherService.swift in Sources */,
				0A10000D2C00000000000001 /* WeatherSamplingService.swift in Sources */,
				0A10000E2C00000000000001 /* RoutePolylineSampler.swift in Sources */,
			);
			runOnlyForDeploymentPostprocessing = 0;
		};
		0A10004A2C00000000000002 /* Sources */ = {
			isa = PBXSourcesBuildPhase;
			buildActionMask = 2147483647;
			files = (
				0A10000B2C00000000000001 /* AlarmTimeCalculatorTests.swift in Sources */,
				0A10000F2C00000000000001 /* RoutePolylineSamplerTests.swift in Sources */,
				0A1000102C00000000000001 /* WeatherSampleMapperTests.swift in Sources */,
			);
			runOnlyForDeploymentPostprocessing = 0;
		};
/* End PBXSourcesBuildPhase section */

/* Begin PBXTargetDependency section */
		0A10004F2C00000000000002 /* PBXTargetDependency */ = {
			isa = PBXTargetDependency;
			target = 0A1000402C00000000000001 /* JackWeatherClock */;
			targetProxy = 0A10004E2C00000000000002 /* PBXContainerItemProxy */;
		};
/* End PBXTargetDependency section */

/* Begin XCBuildConfiguration section */
		0A1000622C00000000000001 /* Debug */ = {
			isa = XCBuildConfiguration;
			buildSettings = {
				ALWAYS_SEARCH_USER_PATHS = NO;
				CLANG_ANALYZER_NONNULL = YES;
				CLANG_ANALYZER_NUMBER_OBJECT_CONVERSION = YES_AGGRESSIVE;
				CLANG_CXX_LANGUAGE_STANDARD = "gnu++20";
				CLANG_ENABLE_MODULES = YES;
				CLANG_ENABLE_OBJC_ARC = YES;
				CLANG_ENABLE_OBJC_WEAK = YES;
				CLANG_WARN_BLOCK_CAPTURE_AUTORELEASING = YES;
				CLANG_WARN_BOOL_CONVERSION = YES;
				CLANG_WARN_COMMA = YES;
				CLANG_WARN_CONSTANT_CONVERSION = YES;
				CLANG_WARN_DEPRECATED_OBJC_IMPLEMENTATIONS = YES;
				CLANG_WARN_DIRECT_OBJC_ISA_USAGE = YES_ERROR;
				CLANG_WARN_DOCUMENTATION_COMMENTS = YES;
				CLANG_WARN_EMPTY_BODY = YES;
				CLANG_WARN_ENUM_CONVERSION = YES;
				CLANG_WARN_INFINITE_RECURSION = YES;
				CLANG_WARN_INT_CONVERSION = YES;
				CLANG_WARN_NON_LITERAL_NULL_CONVERSION = YES;
				CLANG_WARN_OBJC_IMPLICIT_RETAIN_SELF = YES;
				CLANG_WARN_OBJC_LITERAL_CONVERSION = YES;
				CLANG_WARN_OBJC_ROOT_CLASS = YES_ERROR;
				CLANG_WARN_QUOTED_INCLUDE_IN_FRAMEWORK_HEADER = YES;
				CLANG_WARN_RANGE_LOOP_ANALYSIS = YES;
				CLANG_WARN_STRICT_PROTOTYPES = YES;
				CLANG_WARN_SUSPICIOUS_MOVE = YES;
				CLANG_WARN_UNGUARDED_AVAILABILITY = YES_AGGRESSIVE;
				CLANG_WARN_UNREACHABLE_CODE = YES;
				CLANG_WARN__DUPLICATE_METHOD_MATCH = YES;
				COPY_PHASE_STRIP = NO;
				DEBUG_INFORMATION_FORMAT = dwarf;
				ENABLE_STRICT_OBJC_MSGSEND = YES;
				ENABLE_TESTABILITY = YES;
				ENABLE_USER_SCRIPT_SANDBOXING = YES;
				GCC_C_LANGUAGE_STANDARD = gnu17;
				GCC_DYNAMIC_NO_PIC = NO;
				GCC_NO_COMMON_BLOCKS = YES;
				GCC_OPTIMIZATION_LEVEL = 0;
				GCC_PREPROCESSOR_DEFINITIONS = (
					"DEBUG=1",
					"$(inherited)",
				);
				GCC_WARN_64_TO_32_BIT_CONVERSION = YES;
				GCC_WARN_ABOUT_RETURN_TYPE = YES_ERROR;
				GCC_WARN_UNDECLARED_SELECTOR = YES;
				GCC_WARN_UNINITIALIZED_AUTOS = YES_AGGRESSIVE;
				GCC_WARN_UNUSED_FUNCTION = YES;
				GCC_WARN_UNUSED_VARIABLE = YES;
				IPHONEOS_DEPLOYMENT_TARGET = 17.0;
				MTL_ENABLE_DEBUG_INFO = INCLUDE_SOURCE;
				MTL_FAST_MATH = YES;
				ONLY_ACTIVE_ARCH = YES;
				SDKROOT = iphoneos;
				SUPPORTED_PLATFORMS = "iphoneos iphonesimulator";
				SWIFT_ACTIVE_COMPILATION_CONDITIONS = "DEBUG $(inherited)";
				SWIFT_OPTIMIZATION_LEVEL = "-Onone";
			};
			name = Debug;
		};
		0A1000632C00000000000001 /* Release */ = {
			isa = XCBuildConfiguration;
			buildSettings = {
				ALWAYS_SEARCH_USER_PATHS = NO;
				CLANG_ANALYZER_NONNULL = YES;
				CLANG_ANALYZER_NUMBER_OBJECT_CONVERSION = YES_AGGRESSIVE;
				CLANG_CXX_LANGUAGE_STANDARD = "gnu++20";
				CLANG_ENABLE_MODULES = YES;
				CLANG_ENABLE_OBJC_ARC = YES;
				CLANG_ENABLE_OBJC_WEAK = YES;
				CLANG_WARN_BLOCK_CAPTURE_AUTORELEASING = YES;
				CLANG_WARN_BOOL_CONVERSION = YES;
				CLANG_WARN_COMMA = YES;
				CLANG_WARN_CONSTANT_CONVERSION = YES;
				CLANG_WARN_DEPRECATED_OBJC_IMPLEMENTATIONS = YES;
				CLANG_WARN_DIRECT_OBJC_ISA_USAGE = YES_ERROR;
				CLANG_WARN_DOCUMENTATION_COMMENTS = YES;
				CLANG_WARN_EMPTY_BODY = YES;
				CLANG_WARN_ENUM_CONVERSION = YES;
				CLANG_WARN_INFINITE_RECURSION = YES;
				CLANG_WARN_INT_CONVERSION = YES;
				CLANG_WARN_NON_LITERAL_NULL_CONVERSION = YES;
				CLANG_WARN_OBJC_IMPLICIT_RETAIN_SELF = YES;
				CLANG_WARN_OBJC_LITERAL_CONVERSION = YES;
				CLANG_WARN_OBJC_ROOT_CLASS = YES_ERROR;
				CLANG_WARN_QUOTED_INCLUDE_IN_FRAMEWORK_HEADER = YES;
				CLANG_WARN_RANGE_LOOP_ANALYSIS = YES;
				CLANG_WARN_STRICT_PROTOTYPES = YES;
				CLANG_WARN_SUSPICIOUS_MOVE = YES;
				CLANG_WARN_UNGUARDED_AVAILABILITY = YES_AGGRESSIVE;
				CLANG_WARN_UNREACHABLE_CODE = YES;
				CLANG_WARN__DUPLICATE_METHOD_MATCH = YES;
				COPY_PHASE_STRIP = NO;
				DEBUG_INFORMATION_FORMAT = "dwarf-with-dsym";
				ENABLE_NS_ASSERTIONS = NO;
				ENABLE_STRICT_OBJC_MSGSEND = YES;
				ENABLE_USER_SCRIPT_SANDBOXING = YES;
				GCC_C_LANGUAGE_STANDARD = gnu17;
				GCC_NO_COMMON_BLOCKS = YES;
				GCC_WARN_64_TO_32_BIT_CONVERSION = YES;
				GCC_WARN_ABOUT_RETURN_TYPE = YES_ERROR;
				GCC_WARN_UNDECLARED_SELECTOR = YES;
				GCC_WARN_UNINITIALIZED_AUTOS = YES_AGGRESSIVE;
				GCC_WARN_UNUSED_FUNCTION = YES;
				GCC_WARN_UNUSED_VARIABLE = YES;
				IPHONEOS_DEPLOYMENT_TARGET = 17.0;
				MTL_ENABLE_DEBUG_INFO = NO;
				MTL_FAST_MATH = YES;
				SDKROOT = iphoneos;
				SUPPORTED_PLATFORMS = "iphoneos iphonesimulator";
				SWIFT_COMPILATION_MODE = wholemodule;
				VALIDATE_PRODUCT = YES;
			};
			name = Release;
		};
		0A1000712C00000000000001 /* Debug */ = {
			isa = XCBuildConfiguration;
			buildSettings = {
				ASSETCATALOG_COMPILER_ACCENT_COLOR_NAME = AccentColor;
				ASSETCATALOG_COMPILER_APPICON_NAME = AppIcon;
				CODE_SIGN_STYLE = Automatic;
				CURRENT_PROJECT_VERSION = 1;
				DEVELOPMENT_TEAM = "";
				GENERATE_INFOPLIST_FILE = YES;
				INFOPLIST_KEY_CFBundleDisplayName = "Jack Weather Clock";
				INFOPLIST_KEY_LSApplicationCategoryType = "public.app-category.utilities";
				INFOPLIST_KEY_UIApplicationSceneManifest_Generation = YES;
				INFOPLIST_KEY_UIApplicationSupportsIndirectInputEvents = YES;
				INFOPLIST_KEY_UILaunchScreen_Generation = YES;
				INFOPLIST_KEY_UISupportedInterfaceOrientations_iPad = "UIInterfaceOrientationPortrait UIInterfaceOrientationPortraitUpsideDown UIInterfaceOrientationLandscapeLeft UIInterfaceOrientationLandscapeRight";
				INFOPLIST_KEY_UISupportedInterfaceOrientations_iPhone = "UIInterfaceOrientationPortrait UIInterfaceOrientationLandscapeLeft UIInterfaceOrientationLandscapeRight";
				IPHONEOS_DEPLOYMENT_TARGET = 17.0;
				LD_RUNPATH_SEARCH_PATHS = (
					"$(inherited)",
					"@executable_path/Frameworks",
				);
				MARKETING_VERSION = 1.0;
				PRODUCT_BUNDLE_IDENTIFIER = com.shukaihu.JackWeatherClock;
				PRODUCT_NAME = "$(TARGET_NAME)";
				SUPPORTED_PLATFORMS = "iphoneos iphonesimulator";
				SUPPORTS_MACCATALYST = NO;
				SUPPORTS_MAC_DESIGNED_FOR_IPHONE_IPAD = NO;
				SWIFT_EMIT_LOC_STRINGS = YES;
				SWIFT_VERSION = 6.0;
				TARGETED_DEVICE_FAMILY = "1,2";
			};
			name = Debug;
		};
		0A1000722C00000000000001 /* Release */ = {
			isa = XCBuildConfiguration;
			buildSettings = {
				ASSETCATALOG_COMPILER_ACCENT_COLOR_NAME = AccentColor;
				ASSETCATALOG_COMPILER_APPICON_NAME = AppIcon;
				CODE_SIGN_STYLE = Automatic;
				CURRENT_PROJECT_VERSION = 1;
				DEVELOPMENT_TEAM = "";
				GENERATE_INFOPLIST_FILE = YES;
				INFOPLIST_KEY_CFBundleDisplayName = "Jack Weather Clock";
				INFOPLIST_KEY_LSApplicationCategoryType = "public.app-category.utilities";
				INFOPLIST_KEY_UIApplicationSceneManifest_Generation = YES;
				INFOPLIST_KEY_UIApplicationSupportsIndirectInputEvents = YES;
				INFOPLIST_KEY_UILaunchScreen_Generation = YES;
				INFOPLIST_KEY_UISupportedInterfaceOrientations_iPad = "UIInterfaceOrientationPortrait UIInterfaceOrientationPortraitUpsideDown UIInterfaceOrientationLandscapeLeft UIInterfaceOrientationLandscapeRight";
				INFOPLIST_KEY_UISupportedInterfaceOrientations_iPhone = "UIInterfaceOrientationPortrait UIInterfaceOrientationLandscapeLeft UIInterfaceOrientationLandscapeRight";
				IPHONEOS_DEPLOYMENT_TARGET = 17.0;
				LD_RUNPATH_SEARCH_PATHS = (
					"$(inherited)",
					"@executable_path/Frameworks",
				);
				MARKETING_VERSION = 1.0;
				PRODUCT_BUNDLE_IDENTIFIER = com.shukaihu.JackWeatherClock;
				PRODUCT_NAME = "$(TARGET_NAME)";
				SUPPORTED_PLATFORMS = "iphoneos iphonesimulator";
				SUPPORTS_MACCATALYST = NO;
				SUPPORTS_MAC_DESIGNED_FOR_IPHONE_IPAD = NO;
				SWIFT_EMIT_LOC_STRINGS = YES;
				SWIFT_VERSION = 6.0;
				TARGETED_DEVICE_FAMILY = "1,2";
			};
			name = Release;
		};
		0A1000812C00000000000002 /* Debug */ = {
			isa = XCBuildConfiguration;
			buildSettings = {
				BUNDLE_LOADER = "$(TEST_HOST)";
				CODE_SIGN_STYLE = Automatic;
				CURRENT_PROJECT_VERSION = 1;
				DEVELOPMENT_TEAM = "";
				GENERATE_INFOPLIST_FILE = YES;
				IPHONEOS_DEPLOYMENT_TARGET = 17.0;
				MARKETING_VERSION = 1.0;
				PRODUCT_BUNDLE_IDENTIFIER = com.shukaihu.JackWeatherClockTests;
				PRODUCT_NAME = "$(TARGET_NAME)";
				SUPPORTED_PLATFORMS = "iphoneos iphonesimulator";
				SUPPORTS_MACCATALYST = NO;
				SUPPORTS_MAC_DESIGNED_FOR_IPHONE_IPAD = NO;
				SWIFT_VERSION = 6.0;
				TARGETED_DEVICE_FAMILY = "1,2";
				TEST_HOST = "$(BUILT_PRODUCTS_DIR)/JackWeatherClock.app/$(BUNDLE_EXECUTABLE_FOLDER_PATH)/JackWeatherClock";
			};
			name = Debug;
		};
		0A1000822C00000000000002 /* Release */ = {
			isa = XCBuildConfiguration;
			buildSettings = {
				BUNDLE_LOADER = "$(TEST_HOST)";
				CODE_SIGN_STYLE = Automatic;
				CURRENT_PROJECT_VERSION = 1;
				DEVELOPMENT_TEAM = "";
				GENERATE_INFOPLIST_FILE = YES;
				IPHONEOS_DEPLOYMENT_TARGET = 17.0;
				MARKETING_VERSION = 1.0;
				PRODUCT_BUNDLE_IDENTIFIER = com.shukaihu.JackWeatherClockTests;
				PRODUCT_NAME = "$(TARGET_NAME)";
				SUPPORTED_PLATFORMS = "iphoneos iphonesimulator";
				SUPPORTS_MACCATALYST = NO;
				SUPPORTS_MAC_DESIGNED_FOR_IPHONE_IPAD = NO;
				SWIFT_VERSION = 6.0;
				TARGETED_DEVICE_FAMILY = "1,2";
				TEST_HOST = "$(BUILT_PRODUCTS_DIR)/JackWeatherClock.app/$(BUNDLE_EXECUTABLE_FOLDER_PATH)/JackWeatherClock";
			};
			name = Release;
		};
/* End XCBuildConfiguration section */

/* Begin XCConfigurationList section */
		0A1000612C00000000000001 /* Build configuration list for PBXProject "JackWeatherClock" */ = {
			isa = XCConfigurationList;
			buildConfigurations = (
				0A1000622C00000000000001 /* Debug */,
				0A1000632C00000000000001 /* Release */,
			);
			defaultConfigurationIsVisible = 0;
			defaultConfigurationName = Release;
		};
		0A1000702C00000000000001 /* Build configuration list for PBXNativeTarget "JackWeatherClock" */ = {
			isa = XCConfigurationList;
			buildConfigurations = (
				0A1000712C00000000000001 /* Debug */,
				0A1000722C00000000000001 /* Release */,
			);
			defaultConfigurationIsVisible = 0;
			defaultConfigurationName = Release;
		};
		0A1000802C00000000000002 /* Build configuration list for PBXNativeTarget "JackWeatherClockTests" */ = {
			isa = XCConfigurationList;
			buildConfigurations = (
				0A1000812C00000000000002 /* Debug */,
				0A1000822C00000000000002 /* Release */,
			);
			defaultConfigurationIsVisible = 0;
			defaultConfigurationName = Release;
		};
/* End XCConfigurationList section */
	};
	rootObject = 0A1000602C00000000000001 /* Project object */;
}
